// !$*UTF8*$!
{
	archiveVersion = 1;
	classes = {
	};
	objectVersion = 56;
	objects = {

/* Begin PBXBuildFile section */
		093E60C52BCF766F00970FAC /* ProfileView.swift in Sources */ = {isa = PBXBuildFile; fileRef = 093E60C42BCF766F00970FAC /* ProfileView.swift */; };
		093E60C72BCF767F00970FAC /* ProfileViewController.swift in Sources */ = {isa = PBXBuildFile; fileRef = 093E60C62BCF767F00970FAC /* ProfileViewController.swift */; };
		093E60C92BCF768800970FAC /* ProfileViewModel.swift in Sources */ = {isa = PBXBuildFile; fileRef = 093E60C82BCF768800970FAC /* ProfileViewModel.swift */; };
		093E60D32BCFCBEC00970FAC /* ProfileMyPostTableViewCell.swift in Sources */ = {isa = PBXBuildFile; fileRef = 093E60D22BCFCBEC00970FAC /* ProfileMyPostTableViewCell.swift */; };
		094BEB602BC670BA00342DC3 /* AppDelegate.swift in Sources */ = {isa = PBXBuildFile; fileRef = 094BEB5F2BC670BA00342DC3 /* AppDelegate.swift */; };
		094BEB622BC670BA00342DC3 /* SceneDelegate.swift in Sources */ = {isa = PBXBuildFile; fileRef = 094BEB612BC670BA00342DC3 /* SceneDelegate.swift */; };
		094BEB642BC670BA00342DC3 /* ViewController.swift in Sources */ = {isa = PBXBuildFile; fileRef = 094BEB632BC670BA00342DC3 /* ViewController.swift */; };
		094BEB672BC670BA00342DC3 /* Main.storyboard in Resources */ = {isa = PBXBuildFile; fileRef = 094BEB652BC670BA00342DC3 /* Main.storyboard */; };
		094BEB692BC670BC00342DC3 /* Assets.xcassets in Resources */ = {isa = PBXBuildFile; fileRef = 094BEB682BC670BC00342DC3 /* Assets.xcassets */; };
		094BEB6C2BC670BC00342DC3 /* LaunchScreen.storyboard in Resources */ = {isa = PBXBuildFile; fileRef = 094BEB6A2BC670BC00342DC3 /* LaunchScreen.storyboard */; };
		094BEB752BC672B000342DC3 /* RxCocoa in Frameworks */ = {isa = PBXBuildFile; productRef = 094BEB742BC672B000342DC3 /* RxCocoa */; };
		094BEB772BC672B000342DC3 /* RxSwift in Frameworks */ = {isa = PBXBuildFile; productRef = 094BEB762BC672B000342DC3 /* RxSwift */; };
		094BEB7A2BC672C000342DC3 /* SnapKit in Frameworks */ = {isa = PBXBuildFile; productRef = 094BEB792BC672C000342DC3 /* SnapKit */; };
		094BEB7D2BC672D200342DC3 /* Kingfisher in Frameworks */ = {isa = PBXBuildFile; productRef = 094BEB7C2BC672D200342DC3 /* Kingfisher */; };
		094BEB802BC6732700342DC3 /* Alamofire in Frameworks */ = {isa = PBXBuildFile; productRef = 094BEB7F2BC6732700342DC3 /* Alamofire */; };
		0952A6D82BCFDD9A00F71C76 /* Differentiator in Frameworks */ = {isa = PBXBuildFile; productRef = 0952A6D72BCFDD9A00F71C76 /* Differentiator */; };
		0952A6DA2BCFDD9A00F71C76 /* RxDataSources in Frameworks */ = {isa = PBXBuildFile; productRef = 0952A6D92BCFDD9A00F71C76 /* RxDataSources */; };
		0952A6E22BCFF32000F71C76 /* ProfileInfoTableViewCell.swift in Sources */ = {isa = PBXBuildFile; fileRef = 0952A6E12BCFF32000F71C76 /* ProfileInfoTableViewCell.swift */; };
		0952A6E42BCFF47100F71C76 /* ProfileMyPostHeaderView.swift in Sources */ = {isa = PBXBuildFile; fileRef = 0952A6E32BCFF47100F71C76 /* ProfileMyPostHeaderView.swift */; };
		0952A6E72BD0095500F71C76 /* ProfileModel.swift in Sources */ = {isa = PBXBuildFile; fileRef = 0952A6E62BD0095500F71C76 /* ProfileModel.swift */; };
		0952A6E92BD0098F00F71C76 /* ProfileRouter.swift in Sources */ = {isa = PBXBuildFile; fileRef = 0952A6E82BD0098F00F71C76 /* ProfileRouter.swift */; };
		0952A6EB2BD00A4100F71C76 /* AuthInterceptor.swift in Sources */ = {isa = PBXBuildFile; fileRef = 0952A6EA2BD00A4100F71C76 /* AuthInterceptor.swift */; };
		0952A6FA2BD0FD5F00F71C76 /* ProfileEditQuery.swift in Sources */ = {isa = PBXBuildFile; fileRef = 0952A6F92BD0FD5F00F71C76 /* ProfileEditQuery.swift */; };
		0952A6FC2BD0FE9000F71C76 /* ProfileEditView.swift in Sources */ = {isa = PBXBuildFile; fileRef = 0952A6FB2BD0FE9000F71C76 /* ProfileEditView.swift */; };
		0952A7012BD100B500F71C76 /* ProfileEditViewController.swift in Sources */ = {isa = PBXBuildFile; fileRef = 0952A7002BD100B500F71C76 /* ProfileEditViewController.swift */; };
		0952A7032BD100CE00F71C76 /* ProfileEditViewModel.swift in Sources */ = {isa = PBXBuildFile; fileRef = 0952A7022BD100CE00F71C76 /* ProfileEditViewModel.swift */; };
		095678B02BC673F00030F0CD /* Toast in Frameworks */ = {isa = PBXBuildFile; productRef = 095678AF2BC673F00030F0CD /* Toast */; };
		095678B62BC674A50030F0CD /* ColorStyle.swift in Sources */ = {isa = PBXBuildFile; fileRef = 095678B52BC674A50030F0CD /* ColorStyle.swift */; };
		095678B92BC674CB0030F0CD /* UIColor+Extension.swift in Sources */ = {isa = PBXBuildFile; fileRef = 095678B82BC674CB0030F0CD /* UIColor+Extension.swift */; };
		095678E22BC67AC90030F0CD /* FontStyle.swift in Sources */ = {isa = PBXBuildFile; fileRef = 095678E12BC67AC90030F0CD /* FontStyle.swift */; };
		095678E62BC67B690030F0CD /* CustomLabel.swift in Sources */ = {isa = PBXBuildFile; fileRef = 095678E52BC67B690030F0CD /* CustomLabel.swift */; };
		095678E92BC67E3A0030F0CD /* BaseViewController.swift in Sources */ = {isa = PBXBuildFile; fileRef = 095678E82BC67E3A0030F0CD /* BaseViewController.swift */; };
		095678ED2BC67E840030F0CD /* BaseView.swift in Sources */ = {isa = PBXBuildFile; fileRef = 095678EC2BC67E840030F0CD /* BaseView.swift */; };
		095678EF2BC67EBA0030F0CD /* BaseTableViewCell.swift in Sources */ = {isa = PBXBuildFile; fileRef = 095678EE2BC67EBA0030F0CD /* BaseTableViewCell.swift */; };
		095678F12BC67F000030F0CD /* BaseCollectionViewCell.swift in Sources */ = {isa = PBXBuildFile; fileRef = 095678F02BC67F000030F0CD /* BaseCollectionViewCell.swift */; };
		095678F42BC680100030F0CD /* ViewModelType.swift in Sources */ = {isa = PBXBuildFile; fileRef = 095678F32BC680100030F0CD /* ViewModelType.swift */; };
		095678FB2BC6A4120030F0CD /* WritePostViewController.swift in Sources */ = {isa = PBXBuildFile; fileRef = 095678FA2BC6A4120030F0CD /* WritePostViewController.swift */; };
		095678FD2BC6A8910030F0CD /* UITextField+Extension.swift in Sources */ = {isa = PBXBuildFile; fileRef = 095678FC2BC6A8910030F0CD /* UITextField+Extension.swift */; };
		095678FF2BC6A9140030F0CD /* LineView.swift in Sources */ = {isa = PBXBuildFile; fileRef = 095678FE2BC6A9140030F0CD /* LineView.swift */; };
		095679032BC6AB920030F0CD /* WritePostViewModel.swift in Sources */ = {isa = PBXBuildFile; fileRef = 095679022BC6AB920030F0CD /* WritePostViewModel.swift */; };
		095679052BC6BCFE0030F0CD /* WritePostView.swift in Sources */ = {isa = PBXBuildFile; fileRef = 095679042BC6BCFE0030F0CD /* WritePostView.swift */; };
		0956798B2BC938290030F0CD /* LoginView.swift in Sources */ = {isa = PBXBuildFile; fileRef = 0956798A2BC938290030F0CD /* LoginView.swift */; };
		0956798D2BC9383A0030F0CD /* LoginViewController.swift in Sources */ = {isa = PBXBuildFile; fileRef = 0956798C2BC9383A0030F0CD /* LoginViewController.swift */; };
		0956798F2BC94E6A0030F0CD /* LoginBoxView.swift in Sources */ = {isa = PBXBuildFile; fileRef = 0956798E2BC94E6A0030F0CD /* LoginBoxView.swift */; };
		095679912BC9501D0030F0CD /* UIButton.Configuration+Extension.swift in Sources */ = {isa = PBXBuildFile; fileRef = 095679902BC9501D0030F0CD /* UIButton.Configuration+Extension.swift */; };
		095679932BC960C90030F0CD /* LoginViewModel.swift in Sources */ = {isa = PBXBuildFile; fileRef = 095679922BC960C90030F0CD /* LoginViewModel.swift */; };
		09602B482BD3A5D300A6AFEA /* PostListView.swift in Sources */ = {isa = PBXBuildFile; fileRef = 09602B472BD3A5D300A6AFEA /* PostListView.swift */; };
		09602B4A2BD3A5DB00A6AFEA /* PostListViewController.swift in Sources */ = {isa = PBXBuildFile; fileRef = 09602B492BD3A5DB00A6AFEA /* PostListViewController.swift */; };
		09602B4C2BD3A5E500A6AFEA /* PostListViewModel.swift in Sources */ = {isa = PBXBuildFile; fileRef = 09602B4B2BD3A5E500A6AFEA /* PostListViewModel.swift */; };
		09602B502BD3AB8200A6AFEA /* PostRouter.swift in Sources */ = {isa = PBXBuildFile; fileRef = 09602B4F2BD3AB8200A6AFEA /* PostRouter.swift */; };
		09602B532BD3ABBA00A6AFEA /* FilesQuery.swift in Sources */ = {isa = PBXBuildFile; fileRef = 09602B522BD3ABBA00A6AFEA /* FilesQuery.swift */; };
		09602B552BD3ABC200A6AFEA /* PostQuery.swift in Sources */ = {isa = PBXBuildFile; fileRef = 09602B542BD3ABC200A6AFEA /* PostQuery.swift */; };
		09602B582BD3AC1C00A6AFEA /* FilesModel.swift in Sources */ = {isa = PBXBuildFile; fileRef = 09602B572BD3AC1C00A6AFEA /* FilesModel.swift */; };
		09602B5C2BD3AC3300A6AFEA /* PostListModel.swift in Sources */ = {isa = PBXBuildFile; fileRef = 09602B5B2BD3AC3300A6AFEA /* PostListModel.swift */; };
		09602B5E2BD3AED800A6AFEA /* PostListTableViewCell.swift in Sources */ = {isa = PBXBuildFile; fileRef = 09602B5D2BD3AED800A6AFEA /* PostListTableViewCell.swift */; };
		09602B602BD3AFE600A6AFEA /* PostListWithoutImageTableViewCell.swift in Sources */ = {isa = PBXBuildFile; fileRef = 09602B5F2BD3AFE600A6AFEA /* PostListWithoutImageTableViewCell.swift */; };
		09602B622BD3BFCC00A6AFEA /* WritePostImageCollectionViewCell.swift in Sources */ = {isa = PBXBuildFile; fileRef = 09602B612BD3BFCC00A6AFEA /* WritePostImageCollectionViewCell.swift */; };
		09602B642BD3CD7800A6AFEA /* WritePostBoxView.swift in Sources */ = {isa = PBXBuildFile; fileRef = 09602B632BD3CD7800A6AFEA /* WritePostBoxView.swift */; };
		09602B672BD3E27700A6AFEA /* PostDetailView.swift in Sources */ = {isa = PBXBuildFile; fileRef = 09602B662BD3E27700A6AFEA /* PostDetailView.swift */; };
		09602B692BD3E28200A6AFEA /* PostDetailViewController.swift in Sources */ = {isa = PBXBuildFile; fileRef = 09602B682BD3E28200A6AFEA /* PostDetailViewController.swift */; };
		09602B6B2BD3E28D00A6AFEA /* PostDetailViewModel.swift in Sources */ = {isa = PBXBuildFile; fileRef = 09602B6A2BD3E28D00A6AFEA /* PostDetailViewModel.swift */; };
		09602B6E2BD3E77100A6AFEA /* PostDetailTableViewCell.swift in Sources */ = {isa = PBXBuildFile; fileRef = 09602B6D2BD3E77100A6AFEA /* PostDetailTableViewCell.swift */; };
		09602B702BD3F22D00A6AFEA /* PostDetailCommentTableViewCell.swift in Sources */ = {isa = PBXBuildFile; fileRef = 09602B6F2BD3F22D00A6AFEA /* PostDetailCommentTableViewCell.swift */; };
		09602B722BD3F3EF00A6AFEA /* PostDetailWithoutImageTableViewCell.swift in Sources */ = {isa = PBXBuildFile; fileRef = 09602B712BD3F3EF00A6AFEA /* PostDetailWithoutImageTableViewCell.swift */; };
		09602BBC2BD76FF800A6AFEA /* CommentTextView.swift in Sources */ = {isa = PBXBuildFile; fileRef = 09602BBB2BD76FF800A6AFEA /* CommentTextView.swift */; };
		09602BC82BDBD2EF00A6AFEA /* CommentQuery.swift in Sources */ = {isa = PBXBuildFile; fileRef = 09602BC72BDBD2EF00A6AFEA /* CommentQuery.swift */; };
		09602BCB2BDBD5DE00A6AFEA /* CommentModel.swift in Sources */ = {isa = PBXBuildFile; fileRef = 09602BCA2BDBD5DE00A6AFEA /* CommentModel.swift */; };
		09602BCD2BDCE01F00A6AFEA /* CommentRouter.swift in Sources */ = {isa = PBXBuildFile; fileRef = 09602BCC2BDCE01F00A6AFEA /* CommentRouter.swift */; };
		09602BD12BDE562D00A6AFEA /* LikeQuery.swift in Sources */ = {isa = PBXBuildFile; fileRef = 09602BD02BDE562D00A6AFEA /* LikeQuery.swift */; };
		09602BD42BDE565F00A6AFEA /* LikeModel.swift in Sources */ = {isa = PBXBuildFile; fileRef = 09602BD32BDE565F00A6AFEA /* LikeModel.swift */; };
		09602BD62BDE568900A6AFEA /* LikeRouter.swift in Sources */ = {isa = PBXBuildFile; fileRef = 09602BD52BDE568900A6AFEA /* LikeRouter.swift */; };
		0999EB062BCA97F3004B6D1F /* JoinViewController.swift in Sources */ = {isa = PBXBuildFile; fileRef = 0999EB002BCA97F3004B6D1F /* JoinViewController.swift */; };
		0999EB072BCA97F3004B6D1F /* JoinView.swift in Sources */ = {isa = PBXBuildFile; fileRef = 0999EB012BCA97F3004B6D1F /* JoinView.swift */; };
		0999EB082BCA97F3004B6D1F /* JoinSecondViewController.swift in Sources */ = {isa = PBXBuildFile; fileRef = 0999EB022BCA97F3004B6D1F /* JoinSecondViewController.swift */; };
		0999EB092BCA97F3004B6D1F /* JoinSecondViewModel.swift in Sources */ = {isa = PBXBuildFile; fileRef = 0999EB032BCA97F3004B6D1F /* JoinSecondViewModel.swift */; };
		0999EB0A2BCA97F3004B6D1F /* JoinSecondView.swift in Sources */ = {isa = PBXBuildFile; fileRef = 0999EB042BCA97F3004B6D1F /* JoinSecondView.swift */; };
		0999EB0B2BCA97F3004B6D1F /* JoinViewModel.swift in Sources */ = {isa = PBXBuildFile; fileRef = 0999EB052BCA97F3004B6D1F /* JoinViewModel.swift */; };
		0999EB0D2BCA9815004B6D1F /* CustomTextField.swift in Sources */ = {isa = PBXBuildFile; fileRef = 0999EB0C2BCA9815004B6D1F /* CustomTextField.swift */; };
		0999EB0F2BCA981B004B6D1F /* CustomTextFieldView.swift in Sources */ = {isa = PBXBuildFile; fileRef = 0999EB0E2BCA981B004B6D1F /* CustomTextFieldView.swift */; };
		0999EB112BCA9842004B6D1F /* DateFormatterManager.swift in Sources */ = {isa = PBXBuildFile; fileRef = 0999EB102BCA9842004B6D1F /* DateFormatterManager.swift */; };
		0999EB172BCAA01E004B6D1F /* PostBoardView.swift in Sources */ = {isa = PBXBuildFile; fileRef = 0999EB162BCAA01E004B6D1F /* PostBoardView.swift */; };
		0999EB192BCAA028004B6D1F /* PostBoardViewController.swift in Sources */ = {isa = PBXBuildFile; fileRef = 0999EB182BCAA028004B6D1F /* PostBoardViewController.swift */; };
		0999EB1B2BCAA262004B6D1F /* PostBoardViewModel.swift in Sources */ = {isa = PBXBuildFile; fileRef = 0999EB1A2BCAA262004B6D1F /* PostBoardViewModel.swift */; };
		0999EB1D2BCAA2DD004B6D1F /* UIView+Extension.swift in Sources */ = {isa = PBXBuildFile; fileRef = 0999EB1C2BCAA2DD004B6D1F /* UIView+Extension.swift */; };
		0999EB1F2BCAA317004B6D1F /* PostBoardCollectionViewCell.swift in Sources */ = {isa = PBXBuildFile; fileRef = 0999EB1E2BCAA317004B6D1F /* PostBoardCollectionViewCell.swift */; };
		0999EB282BCBAE2A004B6D1F /* .gitignore in Resources */ = {isa = PBXBuildFile; fileRef = 0999EB272BCBAE2A004B6D1F /* .gitignore */; };
		0999EB2B2BCBAE56004B6D1F /* APIKey.swift in Sources */ = {isa = PBXBuildFile; fileRef = 0999EB2A2BCBAE56004B6D1F /* APIKey.swift */; };
		0999EB2D2BCBAE8D004B6D1F /* HTTPHeader.swift in Sources */ = {isa = PBXBuildFile; fileRef = 0999EB2C2BCBAE8D004B6D1F /* HTTPHeader.swift */; };
		0999EB2F2BCBAED3004B6D1F /* TargetType.swift in Sources */ = {isa = PBXBuildFile; fileRef = 0999EB2E2BCBAED3004B6D1F /* TargetType.swift */; };
		0999EB332BCBAF18004B6D1F /* UserRouter.swift in Sources */ = {isa = PBXBuildFile; fileRef = 0999EB322BCBAF18004B6D1F /* UserRouter.swift */; };
		0999EB362BCBAF35004B6D1F /* LoginQuery.swift in Sources */ = {isa = PBXBuildFile; fileRef = 0999EB352BCBAF35004B6D1F /* LoginQuery.swift */; };
		0999EB382BCBAF3E004B6D1F /* JoinQuery.swift in Sources */ = {isa = PBXBuildFile; fileRef = 0999EB372BCBAF3E004B6D1F /* JoinQuery.swift */; };
		0999EB3A2BCBB004004B6D1F /* EmailQuery.swift in Sources */ = {isa = PBXBuildFile; fileRef = 0999EB392BCBB004004B6D1F /* EmailQuery.swift */; };
		0999EB492BCBC207004B6D1F /* NetworkManager.swift in Sources */ = {isa = PBXBuildFile; fileRef = 0999EB482BCBC207004B6D1F /* NetworkManager.swift */; };
		0999EB4C2BCBC26C004B6D1F /* JoinModel.swift in Sources */ = {isa = PBXBuildFile; fileRef = 0999EB4B2BCBC26C004B6D1F /* JoinModel.swift */; };
		0999EB4E2BCBC273004B6D1F /* LoginModel.swift in Sources */ = {isa = PBXBuildFile; fileRef = 0999EB4D2BCBC273004B6D1F /* LoginModel.swift */; };
		0999EB502BCBC27C004B6D1F /* WithdrawModel.swift in Sources */ = {isa = PBXBuildFile; fileRef = 0999EB4F2BCBC27C004B6D1F /* WithdrawModel.swift */; };
		0999EB522BCBC284004B6D1F /* RefreshModel.swift in Sources */ = {isa = PBXBuildFile; fileRef = 0999EB512BCBC284004B6D1F /* RefreshModel.swift */; };
		099E92882BCD506800311329 /* EmailModel.swift in Sources */ = {isa = PBXBuildFile; fileRef = 099E92872BCD506800311329 /* EmailModel.swift */; };
		09A7E0CE2BD241F30024EAEC /* JoinThirdView.swift in Sources */ = {isa = PBXBuildFile; fileRef = 09A7E0CD2BD241F30024EAEC /* JoinThirdView.swift */; };
		09A7E0D02BD248C40024EAEC /* JoinThirdViewController.swift in Sources */ = {isa = PBXBuildFile; fileRef = 09A7E0CF2BD248C40024EAEC /* JoinThirdViewController.swift */; };
		09A7E0D22BD248EC0024EAEC /* JoinThirdViewModel.swift in Sources */ = {isa = PBXBuildFile; fileRef = 09A7E0D12BD248EC0024EAEC /* JoinThirdViewModel.swift */; };
		09A7E0D62BD258D30024EAEC /* ProfileCountView.swift in Sources */ = {isa = PBXBuildFile; fileRef = 09A7E0D52BD258D30024EAEC /* ProfileCountView.swift */; };
		09A7E0D82BD265050024EAEC /* ProfileMyPostWithoutImageTableViewCell.swift in Sources */ = {isa = PBXBuildFile; fileRef = 09A7E0D72BD265050024EAEC /* ProfileMyPostWithoutImageTableViewCell.swift */; };
/* End PBXBuildFile section */

/* Begin PBXFileReference section */
		093E60C42BCF766F00970FAC /* ProfileView.swift */ = {isa = PBXFileReference; lastKnownFileType = sourcecode.swift; path = ProfileView.swift; sourceTree = "<group>"; };
		093E60C62BCF767F00970FAC /* ProfileViewController.swift */ = {isa = PBXFileReference; lastKnownFileType = sourcecode.swift; path = ProfileViewController.swift; sourceTree = "<group>"; };
		093E60C82BCF768800970FAC /* ProfileViewModel.swift */ = {isa = PBXFileReference; lastKnownFileType = sourcecode.swift; path = ProfileViewModel.swift; sourceTree = "<group>"; };
		093E60D22BCFCBEC00970FAC /* ProfileMyPostTableViewCell.swift */ = {isa = PBXFileReference; lastKnownFileType = sourcecode.swift; path = ProfileMyPostTableViewCell.swift; sourceTree = "<group>"; };
		094BEB5C2BC670BA00342DC3 /* Mool-eo.app */ = {isa = PBXFileReference; explicitFileType = wrapper.application; includeInIndex = 0; path = "Mool-eo.app"; sourceTree = BUILT_PRODUCTS_DIR; };
		094BEB5F2BC670BA00342DC3 /* AppDelegate.swift */ = {isa = PBXFileReference; lastKnownFileType = sourcecode.swift; path = AppDelegate.swift; sourceTree = "<group>"; };
		094BEB612BC670BA00342DC3 /* SceneDelegate.swift */ = {isa = PBXFileReference; lastKnownFileType = sourcecode.swift; path = SceneDelegate.swift; sourceTree = "<group>"; };
		094BEB632BC670BA00342DC3 /* ViewController.swift */ = {isa = PBXFileReference; lastKnownFileType = sourcecode.swift; path = ViewController.swift; sourceTree = "<group>"; };
		094BEB662BC670BA00342DC3 /* Base */ = {isa = PBXFileReference; lastKnownFileType = file.storyboard; name = Base; path = Base.lproj/Main.storyboard; sourceTree = "<group>"; };
		094BEB682BC670BC00342DC3 /* Assets.xcassets */ = {isa = PBXFileReference; lastKnownFileType = folder.assetcatalog; path = Assets.xcassets; sourceTree = "<group>"; };
		094BEB6B2BC670BC00342DC3 /* Base */ = {isa = PBXFileReference; lastKnownFileType = file.storyboard; name = Base; path = Base.lproj/LaunchScreen.storyboard; sourceTree = "<group>"; };
		094BEB6D2BC670BC00342DC3 /* Info.plist */ = {isa = PBXFileReference; lastKnownFileType = text.plist.xml; path = Info.plist; sourceTree = "<group>"; };
		0952A6E12BCFF32000F71C76 /* ProfileInfoTableViewCell.swift */ = {isa = PBXFileReference; lastKnownFileType = sourcecode.swift; path = ProfileInfoTableViewCell.swift; sourceTree = "<group>"; };
		0952A6E32BCFF47100F71C76 /* ProfileMyPostHeaderView.swift */ = {isa = PBXFileReference; lastKnownFileType = sourcecode.swift; path = ProfileMyPostHeaderView.swift; sourceTree = "<group>"; };
		0952A6E62BD0095500F71C76 /* ProfileModel.swift */ = {isa = PBXFileReference; lastKnownFileType = sourcecode.swift; path = ProfileModel.swift; sourceTree = "<group>"; };
		0952A6E82BD0098F00F71C76 /* ProfileRouter.swift */ = {isa = PBXFileReference; lastKnownFileType = sourcecode.swift; path = ProfileRouter.swift; sourceTree = "<group>"; };
		0952A6EA2BD00A4100F71C76 /* AuthInterceptor.swift */ = {isa = PBXFileReference; lastKnownFileType = sourcecode.swift; path = AuthInterceptor.swift; sourceTree = "<group>"; };
		0952A6F92BD0FD5F00F71C76 /* ProfileEditQuery.swift */ = {isa = PBXFileReference; lastKnownFileType = sourcecode.swift; path = ProfileEditQuery.swift; sourceTree = "<group>"; };
		0952A6FB2BD0FE9000F71C76 /* ProfileEditView.swift */ = {isa = PBXFileReference; lastKnownFileType = sourcecode.swift; path = ProfileEditView.swift; sourceTree = "<group>"; };
		0952A7002BD100B500F71C76 /* ProfileEditViewController.swift */ = {isa = PBXFileReference; lastKnownFileType = sourcecode.swift; path = ProfileEditViewController.swift; sourceTree = "<group>"; };
		0952A7022BD100CE00F71C76 /* ProfileEditViewModel.swift */ = {isa = PBXFileReference; lastKnownFileType = sourcecode.swift; path = ProfileEditViewModel.swift; sourceTree = "<group>"; };
		095678B52BC674A50030F0CD /* ColorStyle.swift */ = {isa = PBXFileReference; lastKnownFileType = sourcecode.swift; path = ColorStyle.swift; sourceTree = "<group>"; };
		095678B82BC674CB0030F0CD /* UIColor+Extension.swift */ = {isa = PBXFileReference; lastKnownFileType = sourcecode.swift; path = "UIColor+Extension.swift"; sourceTree = "<group>"; };
		095678E12BC67AC90030F0CD /* FontStyle.swift */ = {isa = PBXFileReference; lastKnownFileType = sourcecode.swift; path = FontStyle.swift; sourceTree = "<group>"; };
		095678E52BC67B690030F0CD /* CustomLabel.swift */ = {isa = PBXFileReference; lastKnownFileType = sourcecode.swift; path = CustomLabel.swift; sourceTree = "<group>"; };
		095678E82BC67E3A0030F0CD /* BaseViewController.swift */ = {isa = PBXFileReference; lastKnownFileType = sourcecode.swift; path = BaseViewController.swift; sourceTree = "<group>"; };
		095678EC2BC67E840030F0CD /* BaseView.swift */ = {isa = PBXFileReference; lastKnownFileType = sourcecode.swift; path = BaseView.swift; sourceTree = "<group>"; };
		095678EE2BC67EBA0030F0CD /* BaseTableViewCell.swift */ = {isa = PBXFileReference; lastKnownFileType = sourcecode.swift; path = BaseTableViewCell.swift; sourceTree = "<group>"; };
		095678F02BC67F000030F0CD /* BaseCollectionViewCell.swift */ = {isa = PBXFileReference; lastKnownFileType = sourcecode.swift; path = BaseCollectionViewCell.swift; sourceTree = "<group>"; };
		095678F32BC680100030F0CD /* ViewModelType.swift */ = {isa = PBXFileReference; lastKnownFileType = sourcecode.swift; path = ViewModelType.swift; sourceTree = "<group>"; };
		095678FA2BC6A4120030F0CD /* WritePostViewController.swift */ = {isa = PBXFileReference; lastKnownFileType = sourcecode.swift; path = WritePostViewController.swift; sourceTree = "<group>"; };
		095678FC2BC6A8910030F0CD /* UITextField+Extension.swift */ = {isa = PBXFileReference; lastKnownFileType = sourcecode.swift; path = "UITextField+Extension.swift"; sourceTree = "<group>"; };
		095678FE2BC6A9140030F0CD /* LineView.swift */ = {isa = PBXFileReference; lastKnownFileType = sourcecode.swift; path = LineView.swift; sourceTree = "<group>"; };
		095679022BC6AB920030F0CD /* WritePostViewModel.swift */ = {isa = PBXFileReference; lastKnownFileType = sourcecode.swift; path = WritePostViewModel.swift; sourceTree = "<group>"; };
		095679042BC6BCFE0030F0CD /* WritePostView.swift */ = {isa = PBXFileReference; lastKnownFileType = sourcecode.swift; path = WritePostView.swift; sourceTree = "<group>"; };
		0956798A2BC938290030F0CD /* LoginView.swift */ = {isa = PBXFileReference; lastKnownFileType = sourcecode.swift; path = LoginView.swift; sourceTree = "<group>"; };
		0956798C2BC9383A0030F0CD /* LoginViewController.swift */ = {isa = PBXFileReference; lastKnownFileType = sourcecode.swift; path = LoginViewController.swift; sourceTree = "<group>"; };
		0956798E2BC94E6A0030F0CD /* LoginBoxView.swift */ = {isa = PBXFileReference; lastKnownFileType = sourcecode.swift; path = LoginBoxView.swift; sourceTree = "<group>"; };
		095679902BC9501D0030F0CD /* UIButton.Configuration+Extension.swift */ = {isa = PBXFileReference; lastKnownFileType = sourcecode.swift; path = "UIButton.Configuration+Extension.swift"; sourceTree = "<group>"; };
		095679922BC960C90030F0CD /* LoginViewModel.swift */ = {isa = PBXFileReference; lastKnownFileType = sourcecode.swift; path = LoginViewModel.swift; sourceTree = "<group>"; };
		09602B472BD3A5D300A6AFEA /* PostListView.swift */ = {isa = PBXFileReference; lastKnownFileType = sourcecode.swift; path = PostListView.swift; sourceTree = "<group>"; };
		09602B492BD3A5DB00A6AFEA /* PostListViewController.swift */ = {isa = PBXFileReference; lastKnownFileType = sourcecode.swift; path = PostListViewController.swift; sourceTree = "<group>"; };
		09602B4B2BD3A5E500A6AFEA /* PostListViewModel.swift */ = {isa = PBXFileReference; lastKnownFileType = sourcecode.swift; path = PostListViewModel.swift; sourceTree = "<group>"; };
		09602B4F2BD3AB8200A6AFEA /* PostRouter.swift */ = {isa = PBXFileReference; lastKnownFileType = sourcecode.swift; path = PostRouter.swift; sourceTree = "<group>"; };
		09602B522BD3ABBA00A6AFEA /* FilesQuery.swift */ = {isa = PBXFileReference; lastKnownFileType = sourcecode.swift; path = FilesQuery.swift; sourceTree = "<group>"; };
		09602B542BD3ABC200A6AFEA /* PostQuery.swift */ = {isa = PBXFileReference; lastKnownFileType = sourcecode.swift; path = PostQuery.swift; sourceTree = "<group>"; };
		09602B572BD3AC1C00A6AFEA /* FilesModel.swift */ = {isa = PBXFileReference; lastKnownFileType = sourcecode.swift; path = FilesModel.swift; sourceTree = "<group>"; };
		09602B5B2BD3AC3300A6AFEA /* PostListModel.swift */ = {isa = PBXFileReference; lastKnownFileType = sourcecode.swift; path = PostListModel.swift; sourceTree = "<group>"; };
		09602B5D2BD3AED800A6AFEA /* PostListTableViewCell.swift */ = {isa = PBXFileReference; lastKnownFileType = sourcecode.swift; path = PostListTableViewCell.swift; sourceTree = "<group>"; };
		09602B5F2BD3AFE600A6AFEA /* PostListWithoutImageTableViewCell.swift */ = {isa = PBXFileReference; lastKnownFileType = sourcecode.swift; path = PostListWithoutImageTableViewCell.swift; sourceTree = "<group>"; };
		09602B612BD3BFCC00A6AFEA /* WritePostImageCollectionViewCell.swift */ = {isa = PBXFileReference; lastKnownFileType = sourcecode.swift; path = WritePostImageCollectionViewCell.swift; sourceTree = "<group>"; };
		09602B632BD3CD7800A6AFEA /* WritePostBoxView.swift */ = {isa = PBXFileReference; lastKnownFileType = sourcecode.swift; path = WritePostBoxView.swift; sourceTree = "<group>"; };
		09602B662BD3E27700A6AFEA /* PostDetailView.swift */ = {isa = PBXFileReference; lastKnownFileType = sourcecode.swift; path = PostDetailView.swift; sourceTree = "<group>"; };
		09602B682BD3E28200A6AFEA /* PostDetailViewController.swift */ = {isa = PBXFileReference; lastKnownFileType = sourcecode.swift; path = PostDetailViewController.swift; sourceTree = "<group>"; };
		09602B6A2BD3E28D00A6AFEA /* PostDetailViewModel.swift */ = {isa = PBXFileReference; lastKnownFileType = sourcecode.swift; path = PostDetailViewModel.swift; sourceTree = "<group>"; };
		09602B6D2BD3E77100A6AFEA /* PostDetailTableViewCell.swift */ = {isa = PBXFileReference; lastKnownFileType = sourcecode.swift; path = PostDetailTableViewCell.swift; sourceTree = "<group>"; };
		09602B6F2BD3F22D00A6AFEA /* PostDetailCommentTableViewCell.swift */ = {isa = PBXFileReference; lastKnownFileType = sourcecode.swift; path = PostDetailCommentTableViewCell.swift; sourceTree = "<group>"; };
		09602B712BD3F3EF00A6AFEA /* PostDetailWithoutImageTableViewCell.swift */ = {isa = PBXFileReference; lastKnownFileType = sourcecode.swift; path = PostDetailWithoutImageTableViewCell.swift; sourceTree = "<group>"; };
		09602BBB2BD76FF800A6AFEA /* CommentTextView.swift */ = {isa = PBXFileReference; lastKnownFileType = sourcecode.swift; path = CommentTextView.swift; sourceTree = "<group>"; };
		09602BC72BDBD2EF00A6AFEA /* CommentQuery.swift */ = {isa = PBXFileReference; lastKnownFileType = sourcecode.swift; path = CommentQuery.swift; sourceTree = "<group>"; };
		09602BCA2BDBD5DE00A6AFEA /* CommentModel.swift */ = {isa = PBXFileReference; lastKnownFileType = sourcecode.swift; path = CommentModel.swift; sourceTree = "<group>"; };
		09602BCC2BDCE01F00A6AFEA /* CommentRouter.swift */ = {isa = PBXFileReference; lastKnownFileType = sourcecode.swift; path = CommentRouter.swift; sourceTree = "<group>"; };
		09602BD02BDE562D00A6AFEA /* LikeQuery.swift */ = {isa = PBXFileReference; lastKnownFileType = sourcecode.swift; path = LikeQuery.swift; sourceTree = "<group>"; };
		09602BD32BDE565F00A6AFEA /* LikeModel.swift */ = {isa = PBXFileReference; lastKnownFileType = sourcecode.swift; path = LikeModel.swift; sourceTree = "<group>"; };
		09602BD52BDE568900A6AFEA /* LikeRouter.swift */ = {isa = PBXFileReference; lastKnownFileType = sourcecode.swift; path = LikeRouter.swift; sourceTree = "<group>"; };
		0999EB002BCA97F3004B6D1F /* JoinViewController.swift */ = {isa = PBXFileReference; fileEncoding = 4; lastKnownFileType = sourcecode.swift; path = JoinViewController.swift; sourceTree = "<group>"; };
		0999EB012BCA97F3004B6D1F /* JoinView.swift */ = {isa = PBXFileReference; fileEncoding = 4; lastKnownFileType = sourcecode.swift; path = JoinView.swift; sourceTree = "<group>"; };
		0999EB022BCA97F3004B6D1F /* JoinSecondViewController.swift */ = {isa = PBXFileReference; fileEncoding = 4; lastKnownFileType = sourcecode.swift; path = JoinSecondViewController.swift; sourceTree = "<group>"; };
		0999EB032BCA97F3004B6D1F /* JoinSecondViewModel.swift */ = {isa = PBXFileReference; fileEncoding = 4; lastKnownFileType = sourcecode.swift; path = JoinSecondViewModel.swift; sourceTree = "<group>"; };
		0999EB042BCA97F3004B6D1F /* JoinSecondView.swift */ = {isa = PBXFileReference; fileEncoding = 4; lastKnownFileType = sourcecode.swift; path = JoinSecondView.swift; sourceTree = "<group>"; };
		0999EB052BCA97F3004B6D1F /* JoinViewModel.swift */ = {isa = PBXFileReference; fileEncoding = 4; lastKnownFileType = sourcecode.swift; path = JoinViewModel.swift; sourceTree = "<group>"; };
		0999EB0C2BCA9815004B6D1F /* CustomTextField.swift */ = {isa = PBXFileReference; fileEncoding = 4; lastKnownFileType = sourcecode.swift; path = CustomTextField.swift; sourceTree = "<group>"; };
		0999EB0E2BCA981B004B6D1F /* CustomTextFieldView.swift */ = {isa = PBXFileReference; fileEncoding = 4; lastKnownFileType = sourcecode.swift; path = CustomTextFieldView.swift; sourceTree = "<group>"; };
		0999EB102BCA9842004B6D1F /* DateFormatterManager.swift */ = {isa = PBXFileReference; fileEncoding = 4; lastKnownFileType = sourcecode.swift; path = DateFormatterManager.swift; sourceTree = "<group>"; };
		0999EB162BCAA01E004B6D1F /* PostBoardView.swift */ = {isa = PBXFileReference; lastKnownFileType = sourcecode.swift; path = PostBoardView.swift; sourceTree = "<group>"; };
		0999EB182BCAA028004B6D1F /* PostBoardViewController.swift */ = {isa = PBXFileReference; lastKnownFileType = sourcecode.swift; path = PostBoardViewController.swift; sourceTree = "<group>"; };
		0999EB1A2BCAA262004B6D1F /* PostBoardViewModel.swift */ = {isa = PBXFileReference; lastKnownFileType = sourcecode.swift; path = PostBoardViewModel.swift; sourceTree = "<group>"; };
		0999EB1C2BCAA2DD004B6D1F /* UIView+Extension.swift */ = {isa = PBXFileReference; lastKnownFileType = sourcecode.swift; path = "UIView+Extension.swift"; sourceTree = "<group>"; };
		0999EB1E2BCAA317004B6D1F /* PostBoardCollectionViewCell.swift */ = {isa = PBXFileReference; lastKnownFileType = sourcecode.swift; path = PostBoardCollectionViewCell.swift; sourceTree = "<group>"; };
		0999EB272BCBAE2A004B6D1F /* .gitignore */ = {isa = PBXFileReference; lastKnownFileType = text; path = .gitignore; sourceTree = "<group>"; };
		0999EB2A2BCBAE56004B6D1F /* APIKey.swift */ = {isa = PBXFileReference; lastKnownFileType = sourcecode.swift; path = APIKey.swift; sourceTree = "<group>"; };
		0999EB2C2BCBAE8D004B6D1F /* HTTPHeader.swift */ = {isa = PBXFileReference; lastKnownFileType = sourcecode.swift; path = HTTPHeader.swift; sourceTree = "<group>"; };
		0999EB2E2BCBAED3004B6D1F /* TargetType.swift */ = {isa = PBXFileReference; lastKnownFileType = sourcecode.swift; path = TargetType.swift; sourceTree = "<group>"; };
		0999EB322BCBAF18004B6D1F /* UserRouter.swift */ = {isa = PBXFileReference; lastKnownFileType = sourcecode.swift; path = UserRouter.swift; sourceTree = "<group>"; };
		0999EB352BCBAF35004B6D1F /* LoginQuery.swift */ = {isa = PBXFileReference; lastKnownFileType = sourcecode.swift; path = LoginQuery.swift; sourceTree = "<group>"; };
		0999EB372BCBAF3E004B6D1F /* JoinQuery.swift */ = {isa = PBXFileReference; lastKnownFileType = sourcecode.swift; path = JoinQuery.swift; sourceTree = "<group>"; };
		0999EB392BCBB004004B6D1F /* EmailQuery.swift */ = {isa = PBXFileReference; lastKnownFileType = sourcecode.swift; path = EmailQuery.swift; sourceTree = "<group>"; };
		0999EB482BCBC207004B6D1F /* NetworkManager.swift */ = {isa = PBXFileReference; lastKnownFileType = sourcecode.swift; path = NetworkManager.swift; sourceTree = "<group>"; };
		0999EB4B2BCBC26C004B6D1F /* JoinModel.swift */ = {isa = PBXFileReference; lastKnownFileType = sourcecode.swift; path = JoinModel.swift; sourceTree = "<group>"; };
		0999EB4D2BCBC273004B6D1F /* LoginModel.swift */ = {isa = PBXFileReference; lastKnownFileType = sourcecode.swift; path = LoginModel.swift; sourceTree = "<group>"; };
		0999EB4F2BCBC27C004B6D1F /* WithdrawModel.swift */ = {isa = PBXFileReference; lastKnownFileType = sourcecode.swift; path = WithdrawModel.swift; sourceTree = "<group>"; };
		0999EB512BCBC284004B6D1F /* RefreshModel.swift */ = {isa = PBXFileReference; lastKnownFileType = sourcecode.swift; path = RefreshModel.swift; sourceTree = "<group>"; };
		099E92872BCD506800311329 /* EmailModel.swift */ = {isa = PBXFileReference; lastKnownFileType = sourcecode.swift; path = EmailModel.swift; sourceTree = "<group>"; };
		09A7E0CD2BD241F30024EAEC /* JoinThirdView.swift */ = {isa = PBXFileReference; lastKnownFileType = sourcecode.swift; path = JoinThirdView.swift; sourceTree = "<group>"; };
		09A7E0CF2BD248C40024EAEC /* JoinThirdViewController.swift */ = {isa = PBXFileReference; lastKnownFileType = sourcecode.swift; path = JoinThirdViewController.swift; sourceTree = "<group>"; };
		09A7E0D12BD248EC0024EAEC /* JoinThirdViewModel.swift */ = {isa = PBXFileReference; lastKnownFileType = sourcecode.swift; path = JoinThirdViewModel.swift; sourceTree = "<group>"; };
		09A7E0D52BD258D30024EAEC /* ProfileCountView.swift */ = {isa = PBXFileReference; lastKnownFileType = sourcecode.swift; path = ProfileCountView.swift; sourceTree = "<group>"; };
		09A7E0D72BD265050024EAEC /* ProfileMyPostWithoutImageTableViewCell.swift */ = {isa = PBXFileReference; lastKnownFileType = sourcecode.swift; path = ProfileMyPostWithoutImageTableViewCell.swift; sourceTree = "<group>"; };
/* End PBXFileReference section */

/* Begin PBXFrameworksBuildPhase section */
		094BEB592BC670BA00342DC3 /* Frameworks */ = {
			isa = PBXFrameworksBuildPhase;
			buildActionMask = 2147483647;
			files = (
				0952A6D82BCFDD9A00F71C76 /* Differentiator in Frameworks */,
				095678B02BC673F00030F0CD /* Toast in Frameworks */,
				094BEB802BC6732700342DC3 /* Alamofire in Frameworks */,
				094BEB7D2BC672D200342DC3 /* Kingfisher in Frameworks */,
				094BEB7A2BC672C000342DC3 /* SnapKit in Frameworks */,
				0952A6DA2BCFDD9A00F71C76 /* RxDataSources in Frameworks */,
				094BEB772BC672B000342DC3 /* RxSwift in Frameworks */,
				094BEB752BC672B000342DC3 /* RxCocoa in Frameworks */,
			);
			runOnlyForDeploymentPostprocessing = 0;
		};
/* End PBXFrameworksBuildPhase section */

/* Begin PBXGroup section */
		093E60C32BCF765F00970FAC /* Profile */ = {
			isa = PBXGroup;
			children = (
				0952A6FF2BD100A600F71C76 /* ProfileEdit */,
				093E60C42BCF766F00970FAC /* ProfileView.swift */,
				0952A6E12BCFF32000F71C76 /* ProfileInfoTableViewCell.swift */,
				093E60D22BCFCBEC00970FAC /* ProfileMyPostTableViewCell.swift */,
				09A7E0D72BD265050024EAEC /* ProfileMyPostWithoutImageTableViewCell.swift */,
				0952A6E32BCFF47100F71C76 /* ProfileMyPostHeaderView.swift */,
				093E60C62BCF767F00970FAC /* ProfileViewController.swift */,
				093E60C82BCF768800970FAC /* ProfileViewModel.swift */,
			);
			path = Profile;
			sourceTree = "<group>";
		};
		094BEB532BC670BA00342DC3 = {
			isa = PBXGroup;
			children = (
				0999EB272BCBAE2A004B6D1F /* .gitignore */,
				094BEB5E2BC670BA00342DC3 /* Mool-eo */,
				094BEB5D2BC670BA00342DC3 /* Products */,
			);
			sourceTree = "<group>";
		};
		094BEB5D2BC670BA00342DC3 /* Products */ = {
			isa = PBXGroup;
			children = (
				094BEB5C2BC670BA00342DC3 /* Mool-eo.app */,
			);
			name = Products;
			sourceTree = "<group>";
		};
		094BEB5E2BC670BA00342DC3 /* Mool-eo */ = {
			isa = PBXGroup;
			children = (
				09602B652BD3E26100A6AFEA /* PostDetail */,
				09602B462BD3A5BA00A6AFEA /* PostList */,
				093E60C32BCF765F00970FAC /* Profile */,
				0999EB292BCBAE4B004B6D1F /* Network */,
				0999EB152BCA9FA4004B6D1F /* PostBoard */,
				0999EAFF2BCA97F3004B6D1F /* Join */,
				095679892BC931290030F0CD /* Login */,
				095678F72BC681560030F0CD /* WritePost */,
				095678F22BC67FF60030F0CD /* Protocol */,
				095678E72BC67E320030F0CD /* Base */,
				095678E42BC67B600030F0CD /* Custom */,
				095678B72BC674C10030F0CD /* Extension */,
				095678B42BC674990030F0CD /* DesignSystem */,
				094BEB5F2BC670BA00342DC3 /* AppDelegate.swift */,
				094BEB612BC670BA00342DC3 /* SceneDelegate.swift */,
				094BEB632BC670BA00342DC3 /* ViewController.swift */,
				094BEB652BC670BA00342DC3 /* Main.storyboard */,
				094BEB682BC670BC00342DC3 /* Assets.xcassets */,
				094BEB6A2BC670BC00342DC3 /* LaunchScreen.storyboard */,
				094BEB6D2BC670BC00342DC3 /* Info.plist */,
				0999EB102BCA9842004B6D1F /* DateFormatterManager.swift */,
			);
			path = "Mool-eo";
			sourceTree = "<group>";
		};
		0952A6E52BD0094A00F71C76 /* Profile */ = {
			isa = PBXGroup;
			children = (
				0952A6E62BD0095500F71C76 /* ProfileModel.swift */,
			);
			path = Profile;
			sourceTree = "<group>";
		};
		0952A6F82BD0FD4F00F71C76 /* Profile */ = {
			isa = PBXGroup;
			children = (
				0952A6F92BD0FD5F00F71C76 /* ProfileEditQuery.swift */,
			);
			path = Profile;
			sourceTree = "<group>";
		};
		0952A6FF2BD100A600F71C76 /* ProfileEdit */ = {
			isa = PBXGroup;
			children = (
				0952A6FB2BD0FE9000F71C76 /* ProfileEditView.swift */,
				0952A7002BD100B500F71C76 /* ProfileEditViewController.swift */,
				0952A7022BD100CE00F71C76 /* ProfileEditViewModel.swift */,
			);
			path = ProfileEdit;
			sourceTree = "<group>";
		};
		095678B42BC674990030F0CD /* DesignSystem */ = {
			isa = PBXGroup;
			children = (
				095678B52BC674A50030F0CD /* ColorStyle.swift */,
				095678E12BC67AC90030F0CD /* FontStyle.swift */,
			);
			path = DesignSystem;
			sourceTree = "<group>";
		};
		095678B72BC674C10030F0CD /* Extension */ = {
			isa = PBXGroup;
			children = (
				095678B82BC674CB0030F0CD /* UIColor+Extension.swift */,
				095678FC2BC6A8910030F0CD /* UITextField+Extension.swift */,
				095679902BC9501D0030F0CD /* UIButton.Configuration+Extension.swift */,
				0999EB1C2BCAA2DD004B6D1F /* UIView+Extension.swift */,
			);
			path = Extension;
			sourceTree = "<group>";
		};
		095678E42BC67B600030F0CD /* Custom */ = {
			isa = PBXGroup;
			children = (
				095678E52BC67B690030F0CD /* CustomLabel.swift */,
				0999EB0C2BCA9815004B6D1F /* CustomTextField.swift */,
				0999EB0E2BCA981B004B6D1F /* CustomTextFieldView.swift */,
				09A7E0D52BD258D30024EAEC /* ProfileCountView.swift */,
				095678FE2BC6A9140030F0CD /* LineView.swift */,
			);
			path = Custom;
			sourceTree = "<group>";
		};
		095678E72BC67E320030F0CD /* Base */ = {
			isa = PBXGroup;
			children = (
				095678EC2BC67E840030F0CD /* BaseView.swift */,
				095678E82BC67E3A0030F0CD /* BaseViewController.swift */,
				095678EE2BC67EBA0030F0CD /* BaseTableViewCell.swift */,
				095678F02BC67F000030F0CD /* BaseCollectionViewCell.swift */,
			);
			path = Base;
			sourceTree = "<group>";
		};
		095678F22BC67FF60030F0CD /* Protocol */ = {
			isa = PBXGroup;
			children = (
				095678F32BC680100030F0CD /* ViewModelType.swift */,
			);
			path = Protocol;
			sourceTree = "<group>";
		};
		095678F72BC681560030F0CD /* WritePost */ = {
			isa = PBXGroup;
			children = (
				095679022BC6AB920030F0CD /* WritePostViewModel.swift */,
				095679042BC6BCFE0030F0CD /* WritePostView.swift */,
				09602B632BD3CD7800A6AFEA /* WritePostBoxView.swift */,
				095678FA2BC6A4120030F0CD /* WritePostViewController.swift */,
				09602B612BD3BFCC00A6AFEA /* WritePostImageCollectionViewCell.swift */,
			);
			path = WritePost;
			sourceTree = "<group>";
		};
		095679892BC931290030F0CD /* Login */ = {
			isa = PBXGroup;
			children = (
				0956798E2BC94E6A0030F0CD /* LoginBoxView.swift */,
				0956798A2BC938290030F0CD /* LoginView.swift */,
				0956798C2BC9383A0030F0CD /* LoginViewController.swift */,
				095679922BC960C90030F0CD /* LoginViewModel.swift */,
			);
			path = Login;
			sourceTree = "<group>";
		};
		09602B462BD3A5BA00A6AFEA /* PostList */ = {
			isa = PBXGroup;
			children = (
				09602B472BD3A5D300A6AFEA /* PostListView.swift */,
				09602B492BD3A5DB00A6AFEA /* PostListViewController.swift */,
				09602B5D2BD3AED800A6AFEA /* PostListTableViewCell.swift */,
				09602B5F2BD3AFE600A6AFEA /* PostListWithoutImageTableViewCell.swift */,
				09602B4B2BD3A5E500A6AFEA /* PostListViewModel.swift */,
			);
			path = PostList;
			sourceTree = "<group>";
		};
		09602B512BD3ABA800A6AFEA /* Post */ = {
			isa = PBXGroup;
			children = (
				09602B522BD3ABBA00A6AFEA /* FilesQuery.swift */,
				09602B542BD3ABC200A6AFEA /* PostQuery.swift */,
			);
			path = Post;
			sourceTree = "<group>";
		};
		09602B562BD3AC0800A6AFEA /* Post */ = {
			isa = PBXGroup;
			children = (
				09602B572BD3AC1C00A6AFEA /* FilesModel.swift */,
				09602B5B2BD3AC3300A6AFEA /* PostListModel.swift */,
			);
			path = Post;
			sourceTree = "<group>";
		};
		09602B652BD3E26100A6AFEA /* PostDetail */ = {
			isa = PBXGroup;
			children = (
				09602BBB2BD76FF800A6AFEA /* CommentTextView.swift */,
				09602B662BD3E27700A6AFEA /* PostDetailView.swift */,
				09602B6D2BD3E77100A6AFEA /* PostDetailTableViewCell.swift */,
				09602B712BD3F3EF00A6AFEA /* PostDetailWithoutImageTableViewCell.swift */,
				09602B6F2BD3F22D00A6AFEA /* PostDetailCommentTableViewCell.swift */,
				09602B682BD3E28200A6AFEA /* PostDetailViewController.swift */,
				09602B6A2BD3E28D00A6AFEA /* PostDetailViewModel.swift */,
			);
			path = PostDetail;
			sourceTree = "<group>";
		};
		09602BC62BDBD2DC00A6AFEA /* Comment */ = {
			isa = PBXGroup;
			children = (
				09602BC72BDBD2EF00A6AFEA /* CommentQuery.swift */,
			);
			path = Comment;
			sourceTree = "<group>";
		};
		09602BC92BDBD32100A6AFEA /* Comment */ = {
			isa = PBXGroup;
			children = (
				09602BCA2BDBD5DE00A6AFEA /* CommentModel.swift */,
			);
			path = Comment;
			sourceTree = "<group>";
		};
		09602BCF2BDE562300A6AFEA /* Like */ = {
			isa = PBXGroup;
			children = (
				09602BD02BDE562D00A6AFEA /* LikeQuery.swift */,
			);
			path = Like;
			sourceTree = "<group>";
		};
		09602BD22BDE565A00A6AFEA /* Like */ = {
			isa = PBXGroup;
			children = (
				09602BD32BDE565F00A6AFEA /* LikeModel.swift */,
			);
			path = Like;
			sourceTree = "<group>";
		};
		0999EAFF2BCA97F3004B6D1F /* Join */ = {
			isa = PBXGroup;
			children = (
				0999EB012BCA97F3004B6D1F /* JoinView.swift */,
				0999EB002BCA97F3004B6D1F /* JoinViewController.swift */,
				0999EB052BCA97F3004B6D1F /* JoinViewModel.swift */,
				0999EB042BCA97F3004B6D1F /* JoinSecondView.swift */,
				0999EB022BCA97F3004B6D1F /* JoinSecondViewController.swift */,
				0999EB032BCA97F3004B6D1F /* JoinSecondViewModel.swift */,
				09A7E0CD2BD241F30024EAEC /* JoinThirdView.swift */,
				09A7E0CF2BD248C40024EAEC /* JoinThirdViewController.swift */,
				09A7E0D12BD248EC0024EAEC /* JoinThirdViewModel.swift */,
			);
			path = Join;
			sourceTree = "<group>";
		};
		0999EB152BCA9FA4004B6D1F /* PostBoard */ = {
			isa = PBXGroup;
			children = (
				0999EB1A2BCAA262004B6D1F /* PostBoardViewModel.swift */,
				0999EB182BCAA028004B6D1F /* PostBoardViewController.swift */,
				0999EB162BCAA01E004B6D1F /* PostBoardView.swift */,
				0999EB1E2BCAA317004B6D1F /* PostBoardCollectionViewCell.swift */,
			);
			path = PostBoard;
			sourceTree = "<group>";
		};
		0999EB292BCBAE4B004B6D1F /* Network */ = {
			isa = PBXGroup;
			children = (
				0999EB342BCBAF2D004B6D1F /* Query */,
				0999EB4A2BCBC262004B6D1F /* Model */,
				0999EB2A2BCBAE56004B6D1F /* APIKey.swift */,
				0999EB2C2BCBAE8D004B6D1F /* HTTPHeader.swift */,
				0999EB2E2BCBAED3004B6D1F /* TargetType.swift */,
				0952A6EA2BD00A4100F71C76 /* AuthInterceptor.swift */,
				0999EB432BCBBB53004B6D1F /* Router */,
				0999EB482BCBC207004B6D1F /* NetworkManager.swift */,
			);
			path = Network;
			sourceTree = "<group>";
		};
		0999EB342BCBAF2D004B6D1F /* Query */ = {
			isa = PBXGroup;
			children = (
				09602BCF2BDE562300A6AFEA /* Like */,
				09602BC62BDBD2DC00A6AFEA /* Comment */,
				09602B512BD3ABA800A6AFEA /* Post */,
				0952A6F82BD0FD4F00F71C76 /* Profile */,
				0999EB3D2BCBBAE7004B6D1F /* User */,
			);
			path = Query;
			sourceTree = "<group>";
		};
		0999EB3D2BCBBAE7004B6D1F /* User */ = {
			isa = PBXGroup;
			children = (
				0999EB372BCBAF3E004B6D1F /* JoinQuery.swift */,
				0999EB392BCBB004004B6D1F /* EmailQuery.swift */,
				0999EB352BCBAF35004B6D1F /* LoginQuery.swift */,
			);
			path = User;
			sourceTree = "<group>";
		};
		0999EB432BCBBB53004B6D1F /* Router */ = {
			isa = PBXGroup;
			children = (
				0999EB322BCBAF18004B6D1F /* UserRouter.swift */,
				0952A6E82BD0098F00F71C76 /* ProfileRouter.swift */,
				09602B4F2BD3AB8200A6AFEA /* PostRouter.swift */,
				09602BCC2BDCE01F00A6AFEA /* CommentRouter.swift */,
				09602BD52BDE568900A6AFEA /* LikeRouter.swift */,
			);
			path = Router;
			sourceTree = "<group>";
		};
		0999EB4A2BCBC262004B6D1F /* Model */ = {
			isa = PBXGroup;
			children = (
				09602BD22BDE565A00A6AFEA /* Like */,
				09602BC92BDBD32100A6AFEA /* Comment */,
				09602B562BD3AC0800A6AFEA /* Post */,
				0952A6E52BD0094A00F71C76 /* Profile */,
				0999EB532BCBC2C4004B6D1F /* User */,
			);
			path = Model;
			sourceTree = "<group>";
		};
		0999EB532BCBC2C4004B6D1F /* User */ = {
			isa = PBXGroup;
			children = (
				0999EB4B2BCBC26C004B6D1F /* JoinModel.swift */,
				099E92872BCD506800311329 /* EmailModel.swift */,
				0999EB4D2BCBC273004B6D1F /* LoginModel.swift */,
				0999EB4F2BCBC27C004B6D1F /* WithdrawModel.swift */,
				0999EB512BCBC284004B6D1F /* RefreshModel.swift */,
			);
			path = User;
			sourceTree = "<group>";
		};
/* End PBXGroup section */

/* Begin PBXNativeTarget section */
		094BEB5B2BC670BA00342DC3 /* Mool-eo */ = {
			isa = PBXNativeTarget;
			buildConfigurationList = 094BEB702BC670BC00342DC3 /* Build configuration list for PBXNativeTarget "Mool-eo" */;
			buildPhases = (
				094BEB582BC670BA00342DC3 /* Sources */,
				094BEB592BC670BA00342DC3 /* Frameworks */,
				094BEB5A2BC670BA00342DC3 /* Resources */,
			);
			buildRules = (
			);
			dependencies = (
			);
			name = "Mool-eo";
			packageProductDependencies = (
				094BEB742BC672B000342DC3 /* RxCocoa */,
				094BEB762BC672B000342DC3 /* RxSwift */,
				094BEB792BC672C000342DC3 /* SnapKit */,
				094BEB7C2BC672D200342DC3 /* Kingfisher */,
				094BEB7F2BC6732700342DC3 /* Alamofire */,
				095678AF2BC673F00030F0CD /* Toast */,
				0952A6D72BCFDD9A00F71C76 /* Differentiator */,
				0952A6D92BCFDD9A00F71C76 /* RxDataSources */,
			);
			productName = "Mool-eo";
			productReference = 094BEB5C2BC670BA00342DC3 /* Mool-eo.app */;
			productType = "com.apple.product-type.application";
		};
/* End PBXNativeTarget section */

/* Begin PBXProject section */
		094BEB542BC670BA00342DC3 /* Project object */ = {
			isa = PBXProject;
			attributes = {
				BuildIndependentTargetsInParallel = 1;
				LastSwiftUpdateCheck = 1510;
				LastUpgradeCheck = 1510;
				TargetAttributes = {
					094BEB5B2BC670BA00342DC3 = {
						CreatedOnToolsVersion = 15.1;
					};
				};
			};
			buildConfigurationList = 094BEB572BC670BA00342DC3 /* Build configuration list for PBXProject "Mool-eo" */;
			compatibilityVersion = "Xcode 14.0";
			developmentRegion = en;
			hasScannedForEncodings = 0;
			knownRegions = (
				en,
				Base,
			);
			mainGroup = 094BEB532BC670BA00342DC3;
			packageReferences = (
				094BEB732BC672B000342DC3 /* XCRemoteSwiftPackageReference "RxSwift" */,
				094BEB782BC672BF00342DC3 /* XCRemoteSwiftPackageReference "SnapKit" */,
				094BEB7B2BC672D200342DC3 /* XCRemoteSwiftPackageReference "Kingfisher" */,
				094BEB7E2BC6732700342DC3 /* XCRemoteSwiftPackageReference "Alamofire" */,
				095678AE2BC673F00030F0CD /* XCRemoteSwiftPackageReference "Toast-Swift" */,
				0952A6D62BCFDD9A00F71C76 /* XCRemoteSwiftPackageReference "RxDataSources" */,
			);
			productRefGroup = 094BEB5D2BC670BA00342DC3 /* Products */;
			projectDirPath = "";
			projectRoot = "";
			targets = (
				094BEB5B2BC670BA00342DC3 /* Mool-eo */,
			);
		};
/* End PBXProject section */

/* Begin PBXResourcesBuildPhase section */
		094BEB5A2BC670BA00342DC3 /* Resources */ = {
			isa = PBXResourcesBuildPhase;
			buildActionMask = 2147483647;
			files = (
				0999EB282BCBAE2A004B6D1F /* .gitignore in Resources */,
				094BEB6C2BC670BC00342DC3 /* LaunchScreen.storyboard in Resources */,
				094BEB692BC670BC00342DC3 /* Assets.xcassets in Resources */,
				094BEB672BC670BA00342DC3 /* Main.storyboard in Resources */,
			);
			runOnlyForDeploymentPostprocessing = 0;
		};
/* End PBXResourcesBuildPhase section */

/* Begin PBXSourcesBuildPhase section */
		094BEB582BC670BA00342DC3 /* Sources */ = {
			isa = PBXSourcesBuildPhase;
			buildActionMask = 2147483647;
			files = (
				0952A6E92BD0098F00F71C76 /* ProfileRouter.swift in Sources */,
				09602B4A2BD3A5DB00A6AFEA /* PostListViewController.swift in Sources */,
				09602B552BD3ABC200A6AFEA /* PostQuery.swift in Sources */,
				09602BD12BDE562D00A6AFEA /* LikeQuery.swift in Sources */,
				09A7E0D22BD248EC0024EAEC /* JoinThirdViewModel.swift in Sources */,
				09602B6E2BD3E77100A6AFEA /* PostDetailTableViewCell.swift in Sources */,
				095679032BC6AB920030F0CD /* WritePostViewModel.swift in Sources */,
				09A7E0D02BD248C40024EAEC /* JoinThirdViewController.swift in Sources */,
				09602BCB2BDBD5DE00A6AFEA /* CommentModel.swift in Sources */,
				0999EB3A2BCBB004004B6D1F /* EmailQuery.swift in Sources */,
				094BEB642BC670BA00342DC3 /* ViewController.swift in Sources */,
				0999EB492BCBC207004B6D1F /* NetworkManager.swift in Sources */,
				09602B5E2BD3AED800A6AFEA /* PostListTableViewCell.swift in Sources */,
				095679932BC960C90030F0CD /* LoginViewModel.swift in Sources */,
				094BEB602BC670BA00342DC3 /* AppDelegate.swift in Sources */,
				0999EB0F2BCA981B004B6D1F /* CustomTextFieldView.swift in Sources */,
				0952A7012BD100B500F71C76 /* ProfileEditViewController.swift in Sources */,
				09602B5C2BD3AC3300A6AFEA /* PostListModel.swift in Sources */,
				0999EB072BCA97F3004B6D1F /* JoinView.swift in Sources */,
				0952A6EB2BD00A4100F71C76 /* AuthInterceptor.swift in Sources */,
				09602B6B2BD3E28D00A6AFEA /* PostDetailViewModel.swift in Sources */,
				0999EB0D2BCA9815004B6D1F /* CustomTextField.swift in Sources */,
				0999EB4C2BCBC26C004B6D1F /* JoinModel.swift in Sources */,
				093E60C92BCF768800970FAC /* ProfileViewModel.swift in Sources */,
				0999EB1B2BCAA262004B6D1F /* PostBoardViewModel.swift in Sources */,
				09602BCD2BDCE01F00A6AFEA /* CommentRouter.swift in Sources */,
				0999EB1D2BCAA2DD004B6D1F /* UIView+Extension.swift in Sources */,
				095679052BC6BCFE0030F0CD /* WritePostView.swift in Sources */,
				0956798D2BC9383A0030F0CD /* LoginViewController.swift in Sources */,
				0952A6E72BD0095500F71C76 /* ProfileModel.swift in Sources */,
				095679912BC9501D0030F0CD /* UIButton.Configuration+Extension.swift in Sources */,
				095678E22BC67AC90030F0CD /* FontStyle.swift in Sources */,
				095678E62BC67B690030F0CD /* CustomLabel.swift in Sources */,
				094BEB622BC670BA00342DC3 /* SceneDelegate.swift in Sources */,
				0952A6FC2BD0FE9000F71C76 /* ProfileEditView.swift in Sources */,
				09A7E0D62BD258D30024EAEC /* ProfileCountView.swift in Sources */,
				0999EB2F2BCBAED3004B6D1F /* TargetType.swift in Sources */,
				0999EB502BCBC27C004B6D1F /* WithdrawModel.swift in Sources */,
				095678E92BC67E3A0030F0CD /* BaseViewController.swift in Sources */,
				09602B482BD3A5D300A6AFEA /* PostListView.swift in Sources */,
				0999EB362BCBAF35004B6D1F /* LoginQuery.swift in Sources */,
				0999EB192BCAA028004B6D1F /* PostBoardViewController.swift in Sources */,
				0999EB0A2BCA97F3004B6D1F /* JoinSecondView.swift in Sources */,
				09602B502BD3AB8200A6AFEA /* PostRouter.swift in Sources */,
				093E60C72BCF767F00970FAC /* ProfileViewController.swift in Sources */,
				09602B602BD3AFE600A6AFEA /* PostListWithoutImageTableViewCell.swift in Sources */,
				0999EB332BCBAF18004B6D1F /* UserRouter.swift in Sources */,
				0999EB112BCA9842004B6D1F /* DateFormatterManager.swift in Sources */,
				095678ED2BC67E840030F0CD /* BaseView.swift in Sources */,
				09602BC82BDBD2EF00A6AFEA /* CommentQuery.swift in Sources */,
				09602B622BD3BFCC00A6AFEA /* WritePostImageCollectionViewCell.swift in Sources */,
				093E60D32BCFCBEC00970FAC /* ProfileMyPostTableViewCell.swift in Sources */,
				0999EB0B2BCA97F3004B6D1F /* JoinViewModel.swift in Sources */,
				0999EB4E2BCBC273004B6D1F /* LoginModel.swift in Sources */,
				09602B4C2BD3A5E500A6AFEA /* PostListViewModel.swift in Sources */,
				09602BBC2BD76FF800A6AFEA /* CommentTextView.swift in Sources */,
				09602B532BD3ABBA00A6AFEA /* FilesQuery.swift in Sources */,
				0999EB062BCA97F3004B6D1F /* JoinViewController.swift in Sources */,
				095678B62BC674A50030F0CD /* ColorStyle.swift in Sources */,
				095678FF2BC6A9140030F0CD /* LineView.swift in Sources */,
				093E60C52BCF766F00970FAC /* ProfileView.swift in Sources */,
				09602B702BD3F22D00A6AFEA /* PostDetailCommentTableViewCell.swift in Sources */,
				099E92882BCD506800311329 /* EmailModel.swift in Sources */,
				095678F42BC680100030F0CD /* ViewModelType.swift in Sources */,
				0956798B2BC938290030F0CD /* LoginView.swift in Sources */,
				0999EB172BCAA01E004B6D1F /* PostBoardView.swift in Sources */,
				0999EB082BCA97F3004B6D1F /* JoinSecondViewController.swift in Sources */,
				0952A7032BD100CE00F71C76 /* ProfileEditViewModel.swift in Sources */,
				09602BD42BDE565F00A6AFEA /* LikeModel.swift in Sources */,
				0956798F2BC94E6A0030F0CD /* LoginBoxView.swift in Sources */,
				0999EB382BCBAF3E004B6D1F /* JoinQuery.swift in Sources */,
				095678FD2BC6A8910030F0CD /* UITextField+Extension.swift in Sources */,
				09A7E0D82BD265050024EAEC /* ProfileMyPostWithoutImageTableViewCell.swift in Sources */,
				09602B692BD3E28200A6AFEA /* PostDetailViewController.swift in Sources */,
				0952A6FA2BD0FD5F00F71C76 /* ProfileEditQuery.swift in Sources */,
				0952A6E42BCFF47100F71C76 /* ProfileMyPostHeaderView.swift in Sources */,
				0999EB522BCBC284004B6D1F /* RefreshModel.swift in Sources */,
				095678FB2BC6A4120030F0CD /* WritePostViewController.swift in Sources */,
				0999EB2B2BCBAE56004B6D1F /* APIKey.swift in Sources */,
				09602B642BD3CD7800A6AFEA /* WritePostBoxView.swift in Sources */,
				09602B722BD3F3EF00A6AFEA /* PostDetailWithoutImageTableViewCell.swift in Sources */,
				0952A6E22BCFF32000F71C76 /* ProfileInfoTableViewCell.swift in Sources */,
				09602B672BD3E27700A6AFEA /* PostDetailView.swift in Sources */,
				095678EF2BC67EBA0030F0CD /* BaseTableViewCell.swift in Sources */,
				095678B92BC674CB0030F0CD /* UIColor+Extension.swift in Sources */,
				0999EB092BCA97F3004B6D1F /* JoinSecondViewModel.swift in Sources */,
				095678F12BC67F000030F0CD /* BaseCollectionViewCell.swift in Sources */,
				0999EB2D2BCBAE8D004B6D1F /* HTTPHeader.swift in Sources */,
				0999EB1F2BCAA317004B6D1F /* PostBoardCollectionViewCell.swift in Sources */,
				09602BD62BDE568900A6AFEA /* LikeRouter.swift in Sources */,
				09A7E0CE2BD241F30024EAEC /* JoinThirdView.swift in Sources */,
				09602B582BD3AC1C00A6AFEA /* FilesModel.swift in Sources */,
			);
			runOnlyForDeploymentPostprocessing = 0;
		};
/* End PBXSourcesBuildPhase section */

/* Begin PBXVariantGroup section */
		094BEB652BC670BA00342DC3 /* Main.storyboard */ = {
			isa = PBXVariantGroup;
			children = (
				094BEB662BC670BA00342DC3 /* Base */,
			);
			name = Main.storyboard;
			sourceTree = "<group>";
		};
		094BEB6A2BC670BC00342DC3 /* LaunchScreen.storyboard */ = {
			isa = PBXVariantGroup;
			children = (
				094BEB6B2BC670BC00342DC3 /* Base */,
			);
			name = LaunchScreen.storyboard;
			sourceTree = "<group>";
		};
/* End PBXVariantGroup section */

/* Begin XCBuildConfiguration section */
		094BEB6E2BC670BC00342DC3 /* Debug */ = {
			isa = XCBuildConfiguration;
			buildSettings = {
				ALWAYS_SEARCH_USER_PATHS = NO;
				ASSETCATALOG_COMPILER_GENERATE_SWIFT_ASSET_SYMBOL_EXTENSIONS = YES;
				CLANG_ANALYZER_NONNULL = YES;
				CLANG_ANALYZER_NUMBER_OBJECT_CONVERSION = YES_AGGRESSIVE;
				CLANG_CXX_LANGUAGE_STANDARD = "gnu++20";
				CLANG_ENABLE_MODULES = YES;
				CLANG_ENABLE_OBJC_ARC = YES;
				CLANG_ENABLE_OBJC_WEAK = YES;
				CLANG_WARN_BLOCK_CAPTURE_AUTORELEASING = YES;
				CLANG_WARN_BOOL_CONVERSION = YES;
				CLANG_WARN_COMMA = YES;
				CLANG_WARN_CONSTANT_CONVERSION = YES;
				CLANG_WARN_DEPRECATED_OBJC_IMPLEMENTATIONS = YES;
				CLANG_WARN_DIRECT_OBJC_ISA_USAGE = YES_ERROR;
				CLANG_WARN_DOCUMENTATION_COMMENTS = YES;
				CLANG_WARN_EMPTY_BODY = YES;
				CLANG_WARN_ENUM_CONVERSION = YES;
				CLANG_WARN_INFINITE_RECURSION = YES;
				CLANG_WARN_INT_CONVERSION = YES;
				CLANG_WARN_NON_LITERAL_NULL_CONVERSION = YES;
				CLANG_WARN_OBJC_IMPLICIT_RETAIN_SELF = YES;
				CLANG_WARN_OBJC_LITERAL_CONVERSION = YES;
				CLANG_WARN_OBJC_ROOT_CLASS = YES_ERROR;
				CLANG_WARN_QUOTED_INCLUDE_IN_FRAMEWORK_HEADER = YES;
				CLANG_WARN_RANGE_LOOP_ANALYSIS = YES;
				CLANG_WARN_STRICT_PROTOTYPES = YES;
				CLANG_WARN_SUSPICIOUS_MOVE = YES;
				CLANG_WARN_UNGUARDED_AVAILABILITY = YES_AGGRESSIVE;
				CLANG_WARN_UNREACHABLE_CODE = YES;
				CLANG_WARN__DUPLICATE_METHOD_MATCH = YES;
				COPY_PHASE_STRIP = NO;
				DEBUG_INFORMATION_FORMAT = dwarf;
				ENABLE_STRICT_OBJC_MSGSEND = YES;
				ENABLE_TESTABILITY = YES;
				ENABLE_USER_SCRIPT_SANDBOXING = YES;
				GCC_C_LANGUAGE_STANDARD = gnu17;
				GCC_DYNAMIC_NO_PIC = NO;
				GCC_NO_COMMON_BLOCKS = YES;
				GCC_OPTIMIZATION_LEVEL = 0;
				GCC_PREPROCESSOR_DEFINITIONS = (
					"DEBUG=1",
					"$(inherited)",
				);
				GCC_WARN_64_TO_32_BIT_CONVERSION = YES;
				GCC_WARN_ABOUT_RETURN_TYPE = YES_ERROR;
				GCC_WARN_UNDECLARED_SELECTOR = YES;
				GCC_WARN_UNINITIALIZED_AUTOS = YES_AGGRESSIVE;
				GCC_WARN_UNUSED_FUNCTION = YES;
				GCC_WARN_UNUSED_VARIABLE = YES;
				IPHONEOS_DEPLOYMENT_TARGET = 17.2;
				LOCALIZATION_PREFERS_STRING_CATALOGS = YES;
				MTL_ENABLE_DEBUG_INFO = INCLUDE_SOURCE;
				MTL_FAST_MATH = YES;
				ONLY_ACTIVE_ARCH = YES;
				SDKROOT = iphoneos;
				SWIFT_ACTIVE_COMPILATION_CONDITIONS = "DEBUG $(inherited)";
				SWIFT_OPTIMIZATION_LEVEL = "-Onone";
			};
			name = Debug;
		};
		094BEB6F2BC670BC00342DC3 /* Release */ = {
			isa = XCBuildConfiguration;
			buildSettings = {
				ALWAYS_SEARCH_USER_PATHS = NO;
				ASSETCATALOG_COMPILER_GENERATE_SWIFT_ASSET_SYMBOL_EXTENSIONS = YES;
				CLANG_ANALYZER_NONNULL = YES;
				CLANG_ANALYZER_NUMBER_OBJECT_CONVERSION = YES_AGGRESSIVE;
				CLANG_CXX_LANGUAGE_STANDARD = "gnu++20";
				CLANG_ENABLE_MODULES = YES;
				CLANG_ENABLE_OBJC_ARC = YES;
				CLANG_ENABLE_OBJC_WEAK = YES;
				CLANG_WARN_BLOCK_CAPTURE_AUTORELEASING = YES;
				CLANG_WARN_BOOL_CONVERSION = YES;
				CLANG_WARN_COMMA = YES;
				CLANG_WARN_CONSTANT_CONVERSION = YES;
				CLANG_WARN_DEPRECATED_OBJC_IMPLEMENTATIONS = YES;
				CLANG_WARN_DIRECT_OBJC_ISA_USAGE = YES_ERROR;
				CLANG_WARN_DOCUMENTATION_COMMENTS = YES;
				CLANG_WARN_EMPTY_BODY = YES;
				CLANG_WARN_ENUM_CONVERSION = YES;
				CLANG_WARN_INFINITE_RECURSION = YES;
				CLANG_WARN_INT_CONVERSION = YES;
				CLANG_WARN_NON_LITERAL_NULL_CONVERSION = YES;
				CLANG_WARN_OBJC_IMPLICIT_RETAIN_SELF = YES;
				CLANG_WARN_OBJC_LITERAL_CONVERSION = YES;
				CLANG_WARN_OBJC_ROOT_CLASS = YES_ERROR;
				CLANG_WARN_QUOTED_INCLUDE_IN_FRAMEWORK_HEADER = YES;
				CLANG_WARN_RANGE_LOOP_ANALYSIS = YES;
				CLANG_WARN_STRICT_PROTOTYPES = YES;
				CLANG_WARN_SUSPICIOUS_MOVE = YES;
				CLANG_WARN_UNGUARDED_AVAILABILITY = YES_AGGRESSIVE;
				CLANG_WARN_UNREACHABLE_CODE = YES;
				CLANG_WARN__DUPLICATE_METHOD_MATCH = YES;
				COPY_PHASE_STRIP = NO;
				DEBUG_INFORMATION_FORMAT = "dwarf-with-dsym";
				ENABLE_NS_ASSERTIONS = NO;
				ENABLE_STRICT_OBJC_MSGSEND = YES;
				ENABLE_USER_SCRIPT_SANDBOXING = YES;
				GCC_C_LANGUAGE_STANDARD = gnu17;
				GCC_NO_COMMON_BLOCKS = YES;
				GCC_WARN_64_TO_32_BIT_CONVERSION = YES;
				GCC_WARN_ABOUT_RETURN_TYPE = YES_ERROR;
				GCC_WARN_UNDECLARED_SELECTOR = YES;
				GCC_WARN_UNINITIALIZED_AUTOS = YES_AGGRESSIVE;
				GCC_WARN_UNUSED_FUNCTION = YES;
				GCC_WARN_UNUSED_VARIABLE = YES;
				IPHONEOS_DEPLOYMENT_TARGET = 17.2;
				LOCALIZATION_PREFERS_STRING_CATALOGS = YES;
				MTL_ENABLE_DEBUG_INFO = NO;
				MTL_FAST_MATH = YES;
				SDKROOT = iphoneos;
				SWIFT_COMPILATION_MODE = wholemodule;
				VALIDATE_PRODUCT = YES;
			};
			name = Release;
		};
		094BEB712BC670BC00342DC3 /* Debug */ = {
			isa = XCBuildConfiguration;
			buildSettings = {
				ASSETCATALOG_COMPILER_APPICON_NAME = AppIcon;
				ASSETCATALOG_COMPILER_GLOBAL_ACCENT_COLOR_NAME = AccentColor;
				CODE_SIGN_STYLE = Automatic;
				CURRENT_PROJECT_VERSION = 1;
				GENERATE_INFOPLIST_FILE = YES;
				INFOPLIST_FILE = "Mool-eo/Info.plist";
				INFOPLIST_KEY_UIApplicationSupportsIndirectInputEvents = YES;
				INFOPLIST_KEY_UILaunchStoryboardName = LaunchScreen;
				INFOPLIST_KEY_UIMainStoryboardFile = Main;
				INFOPLIST_KEY_UISupportedInterfaceOrientations_iPad = "UIInterfaceOrientationPortrait UIInterfaceOrientationPortraitUpsideDown UIInterfaceOrientationLandscapeLeft UIInterfaceOrientationLandscapeRight";
				INFOPLIST_KEY_UISupportedInterfaceOrientations_iPhone = "UIInterfaceOrientationPortrait UIInterfaceOrientationLandscapeLeft UIInterfaceOrientationLandscapeRight";
				LD_RUNPATH_SEARCH_PATHS = (
					"$(inherited)",
					"@executable_path/Frameworks",
				);
				MARKETING_VERSION = 1.0;
				PRODUCT_BUNDLE_IDENTIFIER = "com.j.Mool-eo";
				PRODUCT_NAME = "$(TARGET_NAME)";
				SWIFT_EMIT_LOC_STRINGS = YES;
				SWIFT_VERSION = 5.0;
				TARGETED_DEVICE_FAMILY = "1,2";
			};
			name = Debug;
		};
		094BEB722BC670BC00342DC3 /* Release */ = {
			isa = XCBuildConfiguration;
			buildSettings = {
				ASSETCATALOG_COMPILER_APPICON_NAME = AppIcon;
				ASSETCATALOG_COMPILER_GLOBAL_ACCENT_COLOR_NAME = AccentColor;
				CODE_SIGN_STYLE = Automatic;
				CURRENT_PROJECT_VERSION = 1;
				GENERATE_INFOPLIST_FILE = YES;
				INFOPLIST_FILE = "Mool-eo/Info.plist";
				INFOPLIST_KEY_UIApplicationSupportsIndirectInputEvents = YES;
				INFOPLIST_KEY_UILaunchStoryboardName = LaunchScreen;
				INFOPLIST_KEY_UIMainStoryboardFile = Main;
				INFOPLIST_KEY_UISupportedInterfaceOrientations_iPad = "UIInterfaceOrientationPortrait UIInterfaceOrientationPortraitUpsideDown UIInterfaceOrientationLandscapeLeft UIInterfaceOrientationLandscapeRight";
				INFOPLIST_KEY_UISupportedInterfaceOrientations_iPhone = "UIInterfaceOrientationPortrait UIInterfaceOrientationLandscapeLeft UIInterfaceOrientationLandscapeRight";
				LD_RUNPATH_SEARCH_PATHS = (
					"$(inherited)",
					"@executable_path/Frameworks",
				);
				MARKETING_VERSION = 1.0;
				PRODUCT_BUNDLE_IDENTIFIER = "com.j.Mool-eo";
				PRODUCT_NAME = "$(TARGET_NAME)";
				SWIFT_EMIT_LOC_STRINGS = YES;
				SWIFT_VERSION = 5.0;
				TARGETED_DEVICE_FAMILY = "1,2";
			};
			name = Release;
		};
/* End XCBuildConfiguration section */

/* Begin XCConfigurationList section */
		094BEB572BC670BA00342DC3 /* Build configuration list for PBXProject "Mool-eo" */ = {
			isa = XCConfigurationList;
			buildConfigurations = (
				094BEB6E2BC670BC00342DC3 /* Debug */,
				094BEB6F2BC670BC00342DC3 /* Release */,
			);
			defaultConfigurationIsVisible = 0;
			defaultConfigurationName = Release;
		};
		094BEB702BC670BC00342DC3 /* Build configuration list for PBXNativeTarget "Mool-eo" */ = {
			isa = XCConfigurationList;
			buildConfigurations = (
				094BEB712BC670BC00342DC3 /* Debug */,
				094BEB722BC670BC00342DC3 /* Release */,
			);
			defaultConfigurationIsVisible = 0;
			defaultConfigurationName = Release;
		};
/* End XCConfigurationList section */

/* Begin XCRemoteSwiftPackageReference section */
		094BEB732BC672B000342DC3 /* XCRemoteSwiftPackageReference "RxSwift" */ = {
			isa = XCRemoteSwiftPackageReference;
			repositoryURL = "https://github.com/ReactiveX/RxSwift.git";
			requirement = {
				kind = upToNextMajorVersion;
				minimumVersion = 6.6.0;
			};
		};
		094BEB782BC672BF00342DC3 /* XCRemoteSwiftPackageReference "SnapKit" */ = {
			isa = XCRemoteSwiftPackageReference;
			repositoryURL = "https://github.com/SnapKit/SnapKit.git";
			requirement = {
				kind = upToNextMajorVersion;
				minimumVersion = 5.7.1;
			};
		};
		094BEB7B2BC672D200342DC3 /* XCRemoteSwiftPackageReference "Kingfisher" */ = {
			isa = XCRemoteSwiftPackageReference;
			repositoryURL = "https://github.com/onevcat/Kingfisher.git";
			requirement = {
				kind = upToNextMajorVersion;
				minimumVersion = 7.11.0;
			};
		};
		094BEB7E2BC6732700342DC3 /* XCRemoteSwiftPackageReference "Alamofire" */ = {
			isa = XCRemoteSwiftPackageReference;
			repositoryURL = "https://github.com/Alamofire/Alamofire.git";
			requirement = {
				kind = upToNextMajorVersion;
				minimumVersion = 5.9.1;
			};
		};
		0952A6D62BCFDD9A00F71C76 /* XCRemoteSwiftPackageReference "RxDataSources" */ = {
			isa = XCRemoteSwiftPackageReference;
			repositoryURL = "https://github.com/RxSwiftCommunity/RxDataSources.git";
			requirement = {
				kind = upToNextMajorVersion;
				minimumVersion = 5.0.2;
			};
		};
		095678AE2BC673F00030F0CD /* XCRemoteSwiftPackageReference "Toast-Swift" */ = {
			isa = XCRemoteSwiftPackageReference;
			repositoryURL = "https://github.com/scalessec/Toast-Swift.git";
			requirement = {
				kind = upToNextMajorVersion;
				minimumVersion = 5.1.1;
			};
		};
/* End XCRemoteSwiftPackageReference section */

/* Begin XCSwiftPackageProductDependency section */
		094BEB742BC672B000342DC3 /* RxCocoa */ = {
			isa = XCSwiftPackageProductDependency;
			package = 094BEB732BC672B000342DC3 /* XCRemoteSwiftPackageReference "RxSwift" */;
			productName = RxCocoa;
		};
		094BEB762BC672B000342DC3 /* RxSwift */ = {
			isa = XCSwiftPackageProductDependency;
			package = 094BEB732BC672B000342DC3 /* XCRemoteSwiftPackageReference "RxSwift" */;
			productName = RxSwift;
		};
		094BEB792BC672C000342DC3 /* SnapKit */ = {
			isa = XCSwiftPackageProductDependency;
			package = 094BEB782BC672BF00342DC3 /* XCRemoteSwiftPackageReference "SnapKit" */;
			productName = SnapKit;
		};
		094BEB7C2BC672D200342DC3 /* Kingfisher */ = {
			isa = XCSwiftPackageProductDependency;
			package = 094BEB7B2BC672D200342DC3 /* XCRemoteSwiftPackageReference "Kingfisher" */;
			productName = Kingfisher;
		};
		094BEB7F2BC6732700342DC3 /* Alamofire */ = {
			isa = XCSwiftPackageProductDependency;
			package = 094BEB7E2BC6732700342DC3 /* XCRemoteSwiftPackageReference "Alamofire" */;
			productName = Alamofire;
		};
		0952A6D72BCFDD9A00F71C76 /* Differentiator */ = {
			isa = XCSwiftPackageProductDependency;
			package = 0952A6D62BCFDD9A00F71C76 /* XCRemoteSwiftPackageReference "RxDataSources" */;
			productName = Differentiator;
		};
		0952A6D92BCFDD9A00F71C76 /* RxDataSources */ = {
			isa = XCSwiftPackageProductDependency;
			package = 0952A6D62BCFDD9A00F71C76 /* XCRemoteSwiftPackageReference "RxDataSources" */;
			productName = RxDataSources;
		};
		095678AF2BC673F00030F0CD /* Toast */ = {
			isa = XCSwiftPackageProductDependency;
			package = 095678AE2BC673F00030F0CD /* XCRemoteSwiftPackageReference "Toast-Swift" */;
			productName = Toast;
		};
/* End XCSwiftPackageProductDependency section */
	};
	rootObject = 094BEB542BC670BA00342DC3 /* Project object */;
}
