// !$*UTF8*$!
{
	archiveVersion = 1;
	classes = {
	};
	objectVersion = 56;
	objects = {

/* Begin PBXBuildFile section */
		094BEB602BC670BA00342DC3 /* AppDelegate.swift in Sources */ = {isa = PBXBuildFile; fileRef = 094BEB5F2BC670BA00342DC3 /* AppDelegate.swift */; };
		094BEB622BC670BA00342DC3 /* SceneDelegate.swift in Sources */ = {isa = PBXBuildFile; fileRef = 094BEB612BC670BA00342DC3 /* SceneDelegate.swift */; };
		094BEB642BC670BA00342DC3 /* ViewController.swift in Sources */ = {isa = PBXBuildFile; fileRef = 094BEB632BC670BA00342DC3 /* ViewController.swift */; };
		094BEB672BC670BA00342DC3 /* Main.storyboard in Resources */ = {isa = PBXBuildFile; fileRef = 094BEB652BC670BA00342DC3 /* Main.storyboard */; };
		094BEB692BC670BC00342DC3 /* Assets.xcassets in Resources */ = {isa = PBXBuildFile; fileRef = 094BEB682BC670BC00342DC3 /* Assets.xcassets */; };
		094BEB6C2BC670BC00342DC3 /* LaunchScreen.storyboard in Resources */ = {isa = PBXBuildFile; fileRef = 094BEB6A2BC670BC00342DC3 /* LaunchScreen.storyboard */; };
		094BEB752BC672B000342DC3 /* RxCocoa in Frameworks */ = {isa = PBXBuildFile; productRef = 094BEB742BC672B000342DC3 /* RxCocoa */; };
		094BEB772BC672B000342DC3 /* RxSwift in Frameworks */ = {isa = PBXBuildFile; productRef = 094BEB762BC672B000342DC3 /* RxSwift */; };
		094BEB7A2BC672C000342DC3 /* SnapKit in Frameworks */ = {isa = PBXBuildFile; productRef = 094BEB792BC672C000342DC3 /* SnapKit */; };
		094BEB7D2BC672D200342DC3 /* Kingfisher in Frameworks */ = {isa = PBXBuildFile; productRef = 094BEB7C2BC672D200342DC3 /* Kingfisher */; };
		094BEB802BC6732700342DC3 /* Alamofire in Frameworks */ = {isa = PBXBuildFile; productRef = 094BEB7F2BC6732700342DC3 /* Alamofire */; };
		095678B02BC673F00030F0CD /* Toast in Frameworks */ = {isa = PBXBuildFile; productRef = 095678AF2BC673F00030F0CD /* Toast */; };
		095678B62BC674A50030F0CD /* ColorStyle.swift in Sources */ = {isa = PBXBuildFile; fileRef = 095678B52BC674A50030F0CD /* ColorStyle.swift */; };
		095678B92BC674CB0030F0CD /* UIColor+Extension.swift in Sources */ = {isa = PBXBuildFile; fileRef = 095678B82BC674CB0030F0CD /* UIColor+Extension.swift */; };
		095678E22BC67AC90030F0CD /* FontStyle.swift in Sources */ = {isa = PBXBuildFile; fileRef = 095678E12BC67AC90030F0CD /* FontStyle.swift */; };
		095678E62BC67B690030F0CD /* CustomLabel.swift in Sources */ = {isa = PBXBuildFile; fileRef = 095678E52BC67B690030F0CD /* CustomLabel.swift */; };
		095678E92BC67E3A0030F0CD /* BaseViewController.swift in Sources */ = {isa = PBXBuildFile; fileRef = 095678E82BC67E3A0030F0CD /* BaseViewController.swift */; };
		095678ED2BC67E840030F0CD /* BaseView.swift in Sources */ = {isa = PBXBuildFile; fileRef = 095678EC2BC67E840030F0CD /* BaseView.swift */; };
		095678EF2BC67EBA0030F0CD /* BaseTableViewCell.swift in Sources */ = {isa = PBXBuildFile; fileRef = 095678EE2BC67EBA0030F0CD /* BaseTableViewCell.swift */; };
		095678F12BC67F000030F0CD /* CollectionViewCell.swift in Sources */ = {isa = PBXBuildFile; fileRef = 095678F02BC67F000030F0CD /* CollectionViewCell.swift */; };
		095678F42BC680100030F0CD /* ViewModelType.swift in Sources */ = {isa = PBXBuildFile; fileRef = 095678F32BC680100030F0CD /* ViewModelType.swift */; };
		095678FB2BC6A4120030F0CD /* WritePostViewController.swift in Sources */ = {isa = PBXBuildFile; fileRef = 095678FA2BC6A4120030F0CD /* WritePostViewController.swift */; };
		095678FD2BC6A8910030F0CD /* UITextField+Extension.swift in Sources */ = {isa = PBXBuildFile; fileRef = 095678FC2BC6A8910030F0CD /* UITextField+Extension.swift */; };
		095678FF2BC6A9140030F0CD /* LineView.swift in Sources */ = {isa = PBXBuildFile; fileRef = 095678FE2BC6A9140030F0CD /* LineView.swift */; };
		095679032BC6AB920030F0CD /* WritePostViewModel.swift in Sources */ = {isa = PBXBuildFile; fileRef = 095679022BC6AB920030F0CD /* WritePostViewModel.swift */; };
/* End PBXBuildFile section */

/* Begin PBXFileReference section */
		094BEB5C2BC670BA00342DC3 /* Mool-eo.app */ = {isa = PBXFileReference; explicitFileType = wrapper.application; includeInIndex = 0; path = "Mool-eo.app"; sourceTree = BUILT_PRODUCTS_DIR; };
		094BEB5F2BC670BA00342DC3 /* AppDelegate.swift */ = {isa = PBXFileReference; lastKnownFileType = sourcecode.swift; path = AppDelegate.swift; sourceTree = "<group>"; };
		094BEB612BC670BA00342DC3 /* SceneDelegate.swift */ = {isa = PBXFileReference; lastKnownFileType = sourcecode.swift; path = SceneDelegate.swift; sourceTree = "<group>"; };
		094BEB632BC670BA00342DC3 /* ViewController.swift */ = {isa = PBXFileReference; lastKnownFileType = sourcecode.swift; path = ViewController.swift; sourceTree = "<group>"; };
		094BEB662BC670BA00342DC3 /* Base */ = {isa = PBXFileReference; lastKnownFileType = file.storyboard; name = Base; path = Base.lproj/Main.storyboard; sourceTree = "<group>"; };
		094BEB682BC670BC00342DC3 /* Assets.xcassets */ = {isa = PBXFileReference; lastKnownFileType = folder.assetcatalog; path = Assets.xcassets; sourceTree = "<group>"; };
		094BEB6B2BC670BC00342DC3 /* Base */ = {isa = PBXFileReference; lastKnownFileType = file.storyboard; name = Base; path = Base.lproj/LaunchScreen.storyboard; sourceTree = "<group>"; };
		094BEB6D2BC670BC00342DC3 /* Info.plist */ = {isa = PBXFileReference; lastKnownFileType = text.plist.xml; path = Info.plist; sourceTree = "<group>"; };
		095678B52BC674A50030F0CD /* ColorStyle.swift */ = {isa = PBXFileReference; lastKnownFileType = sourcecode.swift; path = ColorStyle.swift; sourceTree = "<group>"; };
		095678B82BC674CB0030F0CD /* UIColor+Extension.swift */ = {isa = PBXFileReference; lastKnownFileType = sourcecode.swift; path = "UIColor+Extension.swift"; sourceTree = "<group>"; };
		095678E12BC67AC90030F0CD /* FontStyle.swift */ = {isa = PBXFileReference; lastKnownFileType = sourcecode.swift; path = FontStyle.swift; sourceTree = "<group>"; };
		095678E52BC67B690030F0CD /* CustomLabel.swift */ = {isa = PBXFileReference; lastKnownFileType = sourcecode.swift; path = CustomLabel.swift; sourceTree = "<group>"; };
		095678E82BC67E3A0030F0CD /* BaseViewController.swift */ = {isa = PBXFileReference; lastKnownFileType = sourcecode.swift; path = BaseViewController.swift; sourceTree = "<group>"; };
		095678EC2BC67E840030F0CD /* BaseView.swift */ = {isa = PBXFileReference; lastKnownFileType = sourcecode.swift; path = BaseView.swift; sourceTree = "<group>"; };
		095678EE2BC67EBA0030F0CD /* BaseTableViewCell.swift */ = {isa = PBXFileReference; lastKnownFileType = sourcecode.swift; path = BaseTableViewCell.swift; sourceTree = "<group>"; };
		095678F02BC67F000030F0CD /* CollectionViewCell.swift */ = {isa = PBXFileReference; lastKnownFileType = sourcecode.swift; path = CollectionViewCell.swift; sourceTree = "<group>"; };
		095678F32BC680100030F0CD /* ViewModelType.swift */ = {isa = PBXFileReference; lastKnownFileType = sourcecode.swift; path = ViewModelType.swift; sourceTree = "<group>"; };
		095678FA2BC6A4120030F0CD /* WritePostViewController.swift */ = {isa = PBXFileReference; lastKnownFileType = sourcecode.swift; path = WritePostViewController.swift; sourceTree = "<group>"; };
		095678FC2BC6A8910030F0CD /* UITextField+Extension.swift */ = {isa = PBXFileReference; lastKnownFileType = sourcecode.swift; path = "UITextField+Extension.swift"; sourceTree = "<group>"; };
		095678FE2BC6A9140030F0CD /* LineView.swift */ = {isa = PBXFileReference; lastKnownFileType = sourcecode.swift; path = LineView.swift; sourceTree = "<group>"; };
		095679022BC6AB920030F0CD /* WritePostViewModel.swift */ = {isa = PBXFileReference; lastKnownFileType = sourcecode.swift; path = WritePostViewModel.swift; sourceTree = "<group>"; };
/* End PBXFileReference section */

/* Begin PBXFrameworksBuildPhase section */
		094BEB592BC670BA00342DC3 /* Frameworks */ = {
			isa = PBXFrameworksBuildPhase;
			buildActionMask = 2147483647;
			files = (
				095678B02BC673F00030F0CD /* Toast in Frameworks */,
				094BEB802BC6732700342DC3 /* Alamofire in Frameworks */,
				094BEB7D2BC672D200342DC3 /* Kingfisher in Frameworks */,
				094BEB7A2BC672C000342DC3 /* SnapKit in Frameworks */,
				094BEB772BC672B000342DC3 /* RxSwift in Frameworks */,
				094BEB752BC672B000342DC3 /* RxCocoa in Frameworks */,
			);
			runOnlyForDeploymentPostprocessing = 0;
		};
/* End PBXFrameworksBuildPhase section */

/* Begin PBXGroup section */
		094BEB532BC670BA00342DC3 = {
			isa = PBXGroup;
			children = (
				094BEB5E2BC670BA00342DC3 /* Mool-eo */,
				094BEB5D2BC670BA00342DC3 /* Products */,
			);
			sourceTree = "<group>";
		};
		094BEB5D2BC670BA00342DC3 /* Products */ = {
			isa = PBXGroup;
			children = (
				094BEB5C2BC670BA00342DC3 /* Mool-eo.app */,
			);
			name = Products;
			sourceTree = "<group>";
		};
		094BEB5E2BC670BA00342DC3 /* Mool-eo */ = {
			isa = PBXGroup;
			children = (
				095678F72BC681560030F0CD /* WritePost */,
				095678F22BC67FF60030F0CD /* Protocol */,
				095678E72BC67E320030F0CD /* Base */,
				095678E42BC67B600030F0CD /* Custom */,
				095678B72BC674C10030F0CD /* Extension */,
				095678B42BC674990030F0CD /* DesignSystem */,
				094BEB5F2BC670BA00342DC3 /* AppDelegate.swift */,
				094BEB612BC670BA00342DC3 /* SceneDelegate.swift */,
				094BEB632BC670BA00342DC3 /* ViewController.swift */,
				094BEB652BC670BA00342DC3 /* Main.storyboard */,
				094BEB682BC670BC00342DC3 /* Assets.xcassets */,
				094BEB6A2BC670BC00342DC3 /* LaunchScreen.storyboard */,
				094BEB6D2BC670BC00342DC3 /* Info.plist */,
			);
			path = "Mool-eo";
			sourceTree = "<group>";
		};
		095678B42BC674990030F0CD /* DesignSystem */ = {
			isa = PBXGroup;
			children = (
				095678B52BC674A50030F0CD /* ColorStyle.swift */,
				095678E12BC67AC90030F0CD /* FontStyle.swift */,
			);
			path = DesignSystem;
			sourceTree = "<group>";
		};
		095678B72BC674C10030F0CD /* Extension */ = {
			isa = PBXGroup;
			children = (
				095678B82BC674CB0030F0CD /* UIColor+Extension.swift */,
				095678FC2BC6A8910030F0CD /* UITextField+Extension.swift */,
			);
			path = Extension;
			sourceTree = "<group>";
		};
		095678E42BC67B600030F0CD /* Custom */ = {
			isa = PBXGroup;
			children = (
				095678E52BC67B690030F0CD /* CustomLabel.swift */,
				095678FE2BC6A9140030F0CD /* LineView.swift */,
			);
			path = Custom;
			sourceTree = "<group>";
		};
		095678E72BC67E320030F0CD /* Base */ = {
			isa = PBXGroup;
			children = (
				095678EC2BC67E840030F0CD /* BaseView.swift */,
				095678E82BC67E3A0030F0CD /* BaseViewController.swift */,
				095678EE2BC67EBA0030F0CD /* BaseTableViewCell.swift */,
				095678F02BC67F000030F0CD /* CollectionViewCell.swift */,
			);
			path = Base;
			sourceTree = "<group>";
		};
		095678F22BC67FF60030F0CD /* Protocol */ = {
			isa = PBXGroup;
			children = (
				095678F32BC680100030F0CD /* ViewModelType.swift */,
			);
			path = Protocol;
			sourceTree = "<group>";
		};
		095678F72BC681560030F0CD /* WritePost */ = {
			isa = PBXGroup;
			children = (
				095679022BC6AB920030F0CD /* WritePostViewModel.swift */,
				095678FA2BC6A4120030F0CD /* WritePostViewController.swift */,
			);
			path = WritePost;
			sourceTree = "<group>";
		};
/* End PBXGroup section */

/* Begin PBXNativeTarget section */
		094BEB5B2BC670BA00342DC3 /* Mool-eo */ = {
			isa = PBXNativeTarget;
			buildConfigurationList = 094BEB702BC670BC00342DC3 /* Build configuration list for PBXNativeTarget "Mool-eo" */;
			buildPhases = (
				094BEB582BC670BA00342DC3 /* Sources */,
				094BEB592BC670BA00342DC3 /* Frameworks */,
				094BEB5A2BC670BA00342DC3 /* Resources */,
			);
			buildRules = (
			);
			dependencies = (
			);
			name = "Mool-eo";
			packageProductDependencies = (
				094BEB742BC672B000342DC3 /* RxCocoa */,
				094BEB762BC672B000342DC3 /* RxSwift */,
				094BEB792BC672C000342DC3 /* SnapKit */,
				094BEB7C2BC672D200342DC3 /* Kingfisher */,
				094BEB7F2BC6732700342DC3 /* Alamofire */,
				095678AF2BC673F00030F0CD /* Toast */,
			);
			productName = "Mool-eo";
			productReference = 094BEB5C2BC670BA00342DC3 /* Mool-eo.app */;
			productType = "com.apple.product-type.application";
		};
/* End PBXNativeTarget section */

/* Begin PBXProject section */
		094BEB542BC670BA00342DC3 /* Project object */ = {
			isa = PBXProject;
			attributes = {
				BuildIndependentTargetsInParallel = 1;
				LastSwiftUpdateCheck = 1510;
				LastUpgradeCheck = 1510;
				TargetAttributes = {
					094BEB5B2BC670BA00342DC3 = {
						CreatedOnToolsVersion = 15.1;
					};
				};
			};
			buildConfigurationList = 094BEB572BC670BA00342DC3 /* Build configuration list for PBXProject "Mool-eo" */;
			compatibilityVersion = "Xcode 14.0";
			developmentRegion = en;
			hasScannedForEncodings = 0;
			knownRegions = (
				en,
				Base,
			);
			mainGroup = 094BEB532BC670BA00342DC3;
			packageReferences = (
				094BEB732BC672B000342DC3 /* XCRemoteSwiftPackageReference "RxSwift" */,
				094BEB782BC672BF00342DC3 /* XCRemoteSwiftPackageReference "SnapKit" */,
				094BEB7B2BC672D200342DC3 /* XCRemoteSwiftPackageReference "Kingfisher" */,
				094BEB7E2BC6732700342DC3 /* XCRemoteSwiftPackageReference "Alamofire" */,
				095678AE2BC673F00030F0CD /* XCRemoteSwiftPackageReference "Toast-Swift" */,
			);
			productRefGroup = 094BEB5D2BC670BA00342DC3 /* Products */;
			projectDirPath = "";
			projectRoot = "";
			targets = (
				094BEB5B2BC670BA00342DC3 /* Mool-eo */,
			);
		};
/* End PBXProject section */

/* Begin PBXResourcesBuildPhase section */
		094BEB5A2BC670BA00342DC3 /* Resources */ = {
			isa = PBXResourcesBuildPhase;
			buildActionMask = 2147483647;
			files = (
				094BEB6C2BC670BC00342DC3 /* LaunchScreen.storyboard in Resources */,
				094BEB692BC670BC00342DC3 /* Assets.xcassets in Resources */,
				094BEB672BC670BA00342DC3 /* Main.storyboard in Resources */,
			);
			runOnlyForDeploymentPostprocessing = 0;
		};
/* End PBXResourcesBuildPhase section */

/* Begin PBXSourcesBuildPhase section */
		094BEB582BC670BA00342DC3 /* Sources */ = {
			isa = PBXSourcesBuildPhase;
			buildActionMask = 2147483647;
			files = (
				095679032BC6AB920030F0CD /* WritePostViewModel.swift in Sources */,
				094BEB642BC670BA00342DC3 /* ViewController.swift in Sources */,
				094BEB602BC670BA00342DC3 /* AppDelegate.swift in Sources */,
				095678E22BC67AC90030F0CD /* FontStyle.swift in Sources */,
				095678E62BC67B690030F0CD /* CustomLabel.swift in Sources */,
				094BEB622BC670BA00342DC3 /* SceneDelegate.swift in Sources */,
				095678E92BC67E3A0030F0CD /* BaseViewController.swift in Sources */,
				095678ED2BC67E840030F0CD /* BaseView.swift in Sources */,
				095678B62BC674A50030F0CD /* ColorStyle.swift in Sources */,
				095678FF2BC6A9140030F0CD /* LineView.swift in Sources */,
				095678F42BC680100030F0CD /* ViewModelType.swift in Sources */,
				095678FD2BC6A8910030F0CD /* UITextField+Extension.swift in Sources */,
				095678FB2BC6A4120030F0CD /* WritePostViewController.swift in Sources */,
				095678EF2BC67EBA0030F0CD /* BaseTableViewCell.swift in Sources */,
				095678B92BC674CB0030F0CD /* UIColor+Extension.swift in Sources */,
				095678F12BC67F000030F0CD /* CollectionViewCell.swift in Sources */,
			);
			runOnlyForDeploymentPostprocessing = 0;
		};
/* End PBXSourcesBuildPhase section */

/* Begin PBXVariantGroup section */
		094BEB652BC670BA00342DC3 /* Main.storyboard */ = {
			isa = PBXVariantGroup;
			children = (
				094BEB662BC670BA00342DC3 /* Base */,
			);
			name = Main.storyboard;
			sourceTree = "<group>";
		};
		094BEB6A2BC670BC00342DC3 /* LaunchScreen.storyboard */ = {
			isa = PBXVariantGroup;
			children = (
				094BEB6B2BC670BC00342DC3 /* Base */,
			);
			name = LaunchScreen.storyboard;
			sourceTree = "<group>";
		};
/* End PBXVariantGroup section */

/* Begin XCBuildConfiguration section */
		094BEB6E2BC670BC00342DC3 /* Debug */ = {
			isa = XCBuildConfiguration;
			buildSettings = {
				ALWAYS_SEARCH_USER_PATHS = NO;
				ASSETCATALOG_COMPILER_GENERATE_SWIFT_ASSET_SYMBOL_EXTENSIONS = YES;
				CLANG_ANALYZER_NONNULL = YES;
				CLANG_ANALYZER_NUMBER_OBJECT_CONVERSION = YES_AGGRESSIVE;
				CLANG_CXX_LANGUAGE_STANDARD = "gnu++20";
				CLANG_ENABLE_MODULES = YES;
				CLANG_ENABLE_OBJC_ARC = YES;
				CLANG_ENABLE_OBJC_WEAK = YES;
				CLANG_WARN_BLOCK_CAPTURE_AUTORELEASING = YES;
				CLANG_WARN_BOOL_CONVERSION = YES;
				CLANG_WARN_COMMA = YES;
				CLANG_WARN_CONSTANT_CONVERSION = YES;
				CLANG_WARN_DEPRECATED_OBJC_IMPLEMENTATIONS = YES;
				CLANG_WARN_DIRECT_OBJC_ISA_USAGE = YES_ERROR;
				CLANG_WARN_DOCUMENTATION_COMMENTS = YES;
				CLANG_WARN_EMPTY_BODY = YES;
				CLANG_WARN_ENUM_CONVERSION = YES;
				CLANG_WARN_INFINITE_RECURSION = YES;
				CLANG_WARN_INT_CONVERSION = YES;
				CLANG_WARN_NON_LITERAL_NULL_CONVERSION = YES;
				CLANG_WARN_OBJC_IMPLICIT_RETAIN_SELF = YES;
				CLANG_WARN_OBJC_LITERAL_CONVERSION = YES;
				CLANG_WARN_OBJC_ROOT_CLASS = YES_ERROR;
				CLANG_WARN_QUOTED_INCLUDE_IN_FRAMEWORK_HEADER = YES;
				CLANG_WARN_RANGE_LOOP_ANALYSIS = YES;
				CLANG_WARN_STRICT_PROTOTYPES = YES;
				CLANG_WARN_SUSPICIOUS_MOVE = YES;
				CLANG_WARN_UNGUARDED_AVAILABILITY = YES_AGGRESSIVE;
				CLANG_WARN_UNREACHABLE_CODE = YES;
				CLANG_WARN__DUPLICATE_METHOD_MATCH = YES;
				COPY_PHASE_STRIP = NO;
				DEBUG_INFORMATION_FORMAT = dwarf;
				ENABLE_STRICT_OBJC_MSGSEND = YES;
				ENABLE_TESTABILITY = YES;
				ENABLE_USER_SCRIPT_SANDBOXING = YES;
				GCC_C_LANGUAGE_STANDARD = gnu17;
				GCC_DYNAMIC_NO_PIC = NO;
				GCC_NO_COMMON_BLOCKS = YES;
				GCC_OPTIMIZATION_LEVEL = 0;
				GCC_PREPROCESSOR_DEFINITIONS = (
					"DEBUG=1",
					"$(inherited)",
				);
				GCC_WARN_64_TO_32_BIT_CONVERSION = YES;
				GCC_WARN_ABOUT_RETURN_TYPE = YES_ERROR;
				GCC_WARN_UNDECLARED_SELECTOR = YES;
				GCC_WARN_UNINITIALIZED_AUTOS = YES_AGGRESSIVE;
				GCC_WARN_UNUSED_FUNCTION = YES;
				GCC_WARN_UNUSED_VARIABLE = YES;
				IPHONEOS_DEPLOYMENT_TARGET = 17.2;
				LOCALIZATION_PREFERS_STRING_CATALOGS = YES;
				MTL_ENABLE_DEBUG_INFO = INCLUDE_SOURCE;
				MTL_FAST_MATH = YES;
				ONLY_ACTIVE_ARCH = YES;
				SDKROOT = iphoneos;
				SWIFT_ACTIVE_COMPILATION_CONDITIONS = "DEBUG $(inherited)";
				SWIFT_OPTIMIZATION_LEVEL = "-Onone";
			};
			name = Debug;
		};
		094BEB6F2BC670BC00342DC3 /* Release */ = {
			isa = XCBuildConfiguration;
			buildSettings = {
				ALWAYS_SEARCH_USER_PATHS = NO;
				ASSETCATALOG_COMPILER_GENERATE_SWIFT_ASSET_SYMBOL_EXTENSIONS = YES;
				CLANG_ANALYZER_NONNULL = YES;
				CLANG_ANALYZER_NUMBER_OBJECT_CONVERSION = YES_AGGRESSIVE;
				CLANG_CXX_LANGUAGE_STANDARD = "gnu++20";
				CLANG_ENABLE_MODULES = YES;
				CLANG_ENABLE_OBJC_ARC = YES;
				CLANG_ENABLE_OBJC_WEAK = YES;
				CLANG_WARN_BLOCK_CAPTURE_AUTORELEASING = YES;
				CLANG_WARN_BOOL_CONVERSION = YES;
				CLANG_WARN_COMMA = YES;
				CLANG_WARN_CONSTANT_CONVERSION = YES;
				CLANG_WARN_DEPRECATED_OBJC_IMPLEMENTATIONS = YES;
				CLANG_WARN_DIRECT_OBJC_ISA_USAGE = YES_ERROR;
				CLANG_WARN_DOCUMENTATION_COMMENTS = YES;
				CLANG_WARN_EMPTY_BODY = YES;
				CLANG_WARN_ENUM_CONVERSION = YES;
				CLANG_WARN_INFINITE_RECURSION = YES;
				CLANG_WARN_INT_CONVERSION = YES;
				CLANG_WARN_NON_LITERAL_NULL_CONVERSION = YES;
				CLANG_WARN_OBJC_IMPLICIT_RETAIN_SELF = YES;
				CLANG_WARN_OBJC_LITERAL_CONVERSION = YES;
				CLANG_WARN_OBJC_ROOT_CLASS = YES_ERROR;
				CLANG_WARN_QUOTED_INCLUDE_IN_FRAMEWORK_HEADER = YES;
				CLANG_WARN_RANGE_LOOP_ANALYSIS = YES;
				CLANG_WARN_STRICT_PROTOTYPES = YES;
				CLANG_WARN_SUSPICIOUS_MOVE = YES;
				CLANG_WARN_UNGUARDED_AVAILABILITY = YES_AGGRESSIVE;
				CLANG_WARN_UNREACHABLE_CODE = YES;
				CLANG_WARN__DUPLICATE_METHOD_MATCH = YES;
				COPY_PHASE_STRIP = NO;
				DEBUG_INFORMATION_FORMAT = "dwarf-with-dsym";
				ENABLE_NS_ASSERTIONS = NO;
				ENABLE_STRICT_OBJC_MSGSEND = YES;
				ENABLE_USER_SCRIPT_SANDBOXING = YES;
				GCC_C_LANGUAGE_STANDARD = gnu17;
				GCC_NO_COMMON_BLOCKS = YES;
				GCC_WARN_64_TO_32_BIT_CONVERSION = YES;
				GCC_WARN_ABOUT_RETURN_TYPE = YES_ERROR;
				GCC_WARN_UNDECLARED_SELECTOR = YES;
				GCC_WARN_UNINITIALIZED_AUTOS = YES_AGGRESSIVE;
				GCC_WARN_UNUSED_FUNCTION = YES;
				GCC_WARN_UNUSED_VARIABLE = YES;
				IPHONEOS_DEPLOYMENT_TARGET = 17.2;
				LOCALIZATION_PREFERS_STRING_CATALOGS = YES;
				MTL_ENABLE_DEBUG_INFO = NO;
				MTL_FAST_MATH = YES;
				SDKROOT = iphoneos;
				SWIFT_COMPILATION_MODE = wholemodule;
				VALIDATE_PRODUCT = YES;
			};
			name = Release;
		};
		094BEB712BC670BC00342DC3 /* Debug */ = {
			isa = XCBuildConfiguration;
			buildSettings = {
				ASSETCATALOG_COMPILER_APPICON_NAME = AppIcon;
				ASSETCATALOG_COMPILER_GLOBAL_ACCENT_COLOR_NAME = AccentColor;
				CODE_SIGN_STYLE = Automatic;
				CURRENT_PROJECT_VERSION = 1;
				GENERATE_INFOPLIST_FILE = YES;
				INFOPLIST_FILE = "Mool-eo/Info.plist";
				INFOPLIST_KEY_UIApplicationSupportsIndirectInputEvents = YES;
				INFOPLIST_KEY_UILaunchStoryboardName = LaunchScreen;
				INFOPLIST_KEY_UIMainStoryboardFile = Main;
				INFOPLIST_KEY_UISupportedInterfaceOrientations_iPad = "UIInterfaceOrientationPortrait UIInterfaceOrientationPortraitUpsideDown UIInterfaceOrientationLandscapeLeft UIInterfaceOrientationLandscapeRight";
				INFOPLIST_KEY_UISupportedInterfaceOrientations_iPhone = "UIInterfaceOrientationPortrait UIInterfaceOrientationLandscapeLeft UIInterfaceOrientationLandscapeRight";
				LD_RUNPATH_SEARCH_PATHS = (
					"$(inherited)",
					"@executable_path/Frameworks",
				);
				MARKETING_VERSION = 1.0;
				PRODUCT_BUNDLE_IDENTIFIER = "com.j.Mool-eo";
				PRODUCT_NAME = "$(TARGET_NAME)";
				SWIFT_EMIT_LOC_STRINGS = YES;
				SWIFT_VERSION = 5.0;
				TARGETED_DEVICE_FAMILY = "1,2";
			};
			name = Debug;
		};
		094BEB722BC670BC00342DC3 /* Release */ = {
			isa = XCBuildConfiguration;
			buildSettings = {
				ASSETCATALOG_COMPILER_APPICON_NAME = AppIcon;
				ASSETCATALOG_COMPILER_GLOBAL_ACCENT_COLOR_NAME = AccentColor;
				CODE_SIGN_STYLE = Automatic;
				CURRENT_PROJECT_VERSION = 1;
				GENERATE_INFOPLIST_FILE = YES;
				INFOPLIST_FILE = "Mool-eo/Info.plist";
				INFOPLIST_KEY_UIApplicationSupportsIndirectInputEvents = YES;
				INFOPLIST_KEY_UILaunchStoryboardName = LaunchScreen;
				INFOPLIST_KEY_UIMainStoryboardFile = Main;
				INFOPLIST_KEY_UISupportedInterfaceOrientations_iPad = "UIInterfaceOrientationPortrait UIInterfaceOrientationPortraitUpsideDown UIInterfaceOrientationLandscapeLeft UIInterfaceOrientationLandscapeRight";
				INFOPLIST_KEY_UISupportedInterfaceOrientations_iPhone = "UIInterfaceOrientationPortrait UIInterfaceOrientationLandscapeLeft UIInterfaceOrientationLandscapeRight";
				LD_RUNPATH_SEARCH_PATHS = (
					"$(inherited)",
					"@executable_path/Frameworks",
				);
				MARKETING_VERSION = 1.0;
				PRODUCT_BUNDLE_IDENTIFIER = "com.j.Mool-eo";
				PRODUCT_NAME = "$(TARGET_NAME)";
				SWIFT_EMIT_LOC_STRINGS = YES;
				SWIFT_VERSION = 5.0;
				TARGETED_DEVICE_FAMILY = "1,2";
			};
			name = Release;
		};
/* End XCBuildConfiguration section */

/* Begin XCConfigurationList section */
		094BEB572BC670BA00342DC3 /* Build configuration list for PBXProject "Mool-eo" */ = {
			isa = XCConfigurationList;
			buildConfigurations = (
				094BEB6E2BC670BC00342DC3 /* Debug */,
				094BEB6F2BC670BC00342DC3 /* Release */,
			);
			defaultConfigurationIsVisible = 0;
			defaultConfigurationName = Release;
		};
		094BEB702BC670BC00342DC3 /* Build configuration list for PBXNativeTarget "Mool-eo" */ = {
			isa = XCConfigurationList;
			buildConfigurations = (
				094BEB712BC670BC00342DC3 /* Debug */,
				094BEB722BC670BC00342DC3 /* Release */,
			);
			defaultConfigurationIsVisible = 0;
			defaultConfigurationName = Release;
		};
/* End XCConfigurationList section */

/* Begin XCRemoteSwiftPackageReference section */
		094BEB732BC672B000342DC3 /* XCRemoteSwiftPackageReference "RxSwift" */ = {
			isa = XCRemoteSwiftPackageReference;
			repositoryURL = "https://github.com/ReactiveX/RxSwift.git";
			requirement = {
				kind = upToNextMajorVersion;
				minimumVersion = 6.6.0;
			};
		};
		094BEB782BC672BF00342DC3 /* XCRemoteSwiftPackageReference "SnapKit" */ = {
			isa = XCRemoteSwiftPackageReference;
			repositoryURL = "https://github.com/SnapKit/SnapKit.git";
			requirement = {
				kind = upToNextMajorVersion;
				minimumVersion = 5.7.1;
			};
		};
		094BEB7B2BC672D200342DC3 /* XCRemoteSwiftPackageReference "Kingfisher" */ = {
			isa = XCRemoteSwiftPackageReference;
			repositoryURL = "https://github.com/onevcat/Kingfisher.git";
			requirement = {
				kind = upToNextMajorVersion;
				minimumVersion = 7.11.0;
			};
		};
		094BEB7E2BC6732700342DC3 /* XCRemoteSwiftPackageReference "Alamofire" */ = {
			isa = XCRemoteSwiftPackageReference;
			repositoryURL = "https://github.com/Alamofire/Alamofire.git";
			requirement = {
				kind = upToNextMajorVersion;
				minimumVersion = 5.9.1;
			};
		};
		095678AE2BC673F00030F0CD /* XCRemoteSwiftPackageReference "Toast-Swift" */ = {
			isa = XCRemoteSwiftPackageReference;
			repositoryURL = "https://github.com/scalessec/Toast-Swift.git";
			requirement = {
				kind = upToNextMajorVersion;
				minimumVersion = 5.1.1;
			};
		};
/* End XCRemoteSwiftPackageReference section */

/* Begin XCSwiftPackageProductDependency section */
		094BEB742BC672B000342DC3 /* RxCocoa */ = {
			isa = XCSwiftPackageProductDependency;
			package = 094BEB732BC672B000342DC3 /* XCRemoteSwiftPackageReference "RxSwift" */;
			productName = RxCocoa;
		};
		094BEB762BC672B000342DC3 /* RxSwift */ = {
			isa = XCSwiftPackageProductDependency;
			package = 094BEB732BC672B000342DC3 /* XCRemoteSwiftPackageReference "RxSwift" */;
			productName = RxSwift;
		};
		094BEB792BC672C000342DC3 /* SnapKit */ = {
			isa = XCSwiftPackageProductDependency;
			package = 094BEB782BC672BF00342DC3 /* XCRemoteSwiftPackageReference "SnapKit" */;
			productName = SnapKit;
		};
		094BEB7C2BC672D200342DC3 /* Kingfisher */ = {
			isa = XCSwiftPackageProductDependency;
			package = 094BEB7B2BC672D200342DC3 /* XCRemoteSwiftPackageReference "Kingfisher" */;
			productName = Kingfisher;
		};
		094BEB7F2BC6732700342DC3 /* Alamofire */ = {
			isa = XCSwiftPackageProductDependency;
			package = 094BEB7E2BC6732700342DC3 /* XCRemoteSwiftPackageReference "Alamofire" */;
			productName = Alamofire;
		};
		095678AF2BC673F00030F0CD /* Toast */ = {
			isa = XCSwiftPackageProductDependency;
			package = 095678AE2BC673F00030F0CD /* XCRemoteSwiftPackageReference "Toast-Swift" */;
			productName = Toast;
		};
/* End XCSwiftPackageProductDependency section */
	};
	rootObject = 094BEB542BC670BA00342DC3 /* Project object */;
}
